# DPM LockFile 1.0.1
# THIS IS AN AUTOGENERATED FILE. DO NOT EDIT THIS FILE DIRECTLY.
# Commit this file with your project to ensure it can be used
# when restoring packages on a different machine or workspace.
# Note : spaces matter, do not remove leading spaces.

VSoft.A 1.0.0
  VSoft.B 1.0.2 [1.0.2,]
    VSoft.D 2.1.5 [2.1.2,2.1.5]
  VSoft.C 1.2.2 [1.2.1,1.2.3]
    VSoft.D 2.1.5 [2.1.5,2.1.6]

