<Project xmlns="http://schemas.microsoft.com/developer/msbuild/2003">
    <PropertyGroup>
        <Base>True</Base>
        <AppType>Application</AppType>
        <Config Condition="'$(Config)'==''">Debug</Config>
        <FrameworkType>VCL</FrameworkType>
        <MainSource>DspecCreator.dpr</MainSource>
        <Platform Condition="'$(Platform)'==''">Win64</Platform>
        <ProjectGuid>{01A440DD-BB68-49A0-BDEA-3F4230B793DA}</ProjectGuid>
        <ProjectVersion>19.5</ProjectVersion>
        <TargetedPlatforms>3</TargetedPlatforms>
    </PropertyGroup>
    <PropertyGroup Condition="'$(Config)'=='Base' or '$(Base)'!=''">
        <Base>true</Base>
    </PropertyGroup>
    <PropertyGroup Condition="('$(Platform)'=='Win32' and '$(Base)'=='true') or '$(Base_Win32)'!=''">
        <Base_Win32>true</Base_Win32>
        <CfgParent>Base</CfgParent>
        <Base>true</Base>
    </PropertyGroup>
    <PropertyGroup Condition="('$(Platform)'=='Win64' and '$(Base)'=='true') or '$(Base_Win64)'!=''">
        <Base_Win64>true</Base_Win64>
        <CfgParent>Base</CfgParent>
        <Base>true</Base>
    </PropertyGroup>
    <PropertyGroup Condition="'$(Config)'=='Debug' or '$(Cfg_1)'!=''">
        <Cfg_1>true</Cfg_1>
        <CfgParent>Base</CfgParent>
        <Base>true</Base>
    </PropertyGroup>
    <PropertyGroup Condition="('$(Platform)'=='Win32' and '$(Cfg_1)'=='true') or '$(Cfg_1_Win32)'!=''">
        <Cfg_1_Win32>true</Cfg_1_Win32>
        <CfgParent>Cfg_1</CfgParent>
        <Cfg_1>true</Cfg_1>
        <Base>true</Base>
    </PropertyGroup>
    <PropertyGroup Condition="('$(Platform)'=='Win64' and '$(Cfg_1)'=='true') or '$(Cfg_1_Win64)'!=''">
        <Cfg_1_Win64>true</Cfg_1_Win64>
        <CfgParent>Cfg_1</CfgParent>
        <Cfg_1>true</Cfg_1>
        <Base>true</Base>
    </PropertyGroup>
    <PropertyGroup Condition="'$(Config)'=='Release' or '$(Cfg_2)'!=''">
        <Cfg_2>true</Cfg_2>
        <CfgParent>Base</CfgParent>
        <Base>true</Base>
    </PropertyGroup>
    <PropertyGroup Condition="('$(Platform)'=='Win32' and '$(Cfg_2)'=='true') or '$(Cfg_2_Win32)'!=''">
        <Cfg_2_Win32>true</Cfg_2_Win32>
        <CfgParent>Cfg_2</CfgParent>
        <Cfg_2>true</Cfg_2>
        <Base>true</Base>
    </PropertyGroup>
    <PropertyGroup Condition="('$(Platform)'=='Win64' and '$(Cfg_2)'=='true') or '$(Cfg_2_Win64)'!=''">
        <Cfg_2_Win64>true</Cfg_2_Win64>
        <CfgParent>Cfg_2</CfgParent>
        <Cfg_2>true</Cfg_2>
        <Base>true</Base>
    </PropertyGroup>
    <PropertyGroup Condition="'$(Base)'!=''">
        <SanitizedProjectName>DspecCreator</SanitizedProjectName>
        <Custom_Styles>Windows10|VCLSTYLE|$(BDSCOMMONDIR)\Styles\Windows10.vsf</Custom_Styles>
        <DCC_DcuOutput>.\$(Platform)\$(Config)</DCC_DcuOutput>
        <DCC_Define>CREATOR;$(DCC_Define)</DCC_Define>
        <DCC_ExeOutput>.\$(Platform)\$(Config)</DCC_ExeOutput>
        <DCC_Namespace>System;Xml;Data;Datasnap;Web;Soap;Vcl;Vcl.Imaging;Vcl.Touch;Vcl.Samples;Vcl.Shell;$(DCC_Namespace)</DCC_Namespace>
        <DCC_UnitSearchPath>$(DPMSearch);$(DCC_UnitSearchPath)</DCC_UnitSearchPath>
        <Icon_MainIcon>$(BDS)\bin\delphi_PROJECTICON.ico</Icon_MainIcon>
        <VerInfo_Keys>CompanyName=;FileDescription=$(MSBuildProjectName);FileVersion=1.0.0.0;InternalName=;LegalCopyright=;LegalTrademarks=;OriginalFilename=;ProgramID=com.embarcadero.$(MSBuildProjectName);ProductName=$(MSBuildProjectName);ProductVersion=1.0.0.0;Comments=</VerInfo_Keys>
        <VerInfo_Locale>3081</VerInfo_Locale>
    </PropertyGroup>
    <PropertyGroup Condition="'$(Base_Win32)'!=''">
        <AppDPIAwarenessMode>none</AppDPIAwarenessMode>
        <BT_BuildType>Debug</BT_BuildType>
        <DCC_Namespace>Winapi;System.Win;Data.Win;Datasnap.Win;Web.Win;Soap.Win;Xml.Win;Bde;$(DCC_Namespace)</DCC_Namespace>
        <DCC_UsePackage>JvNet;vclwinx;DataSnapServer;fmx;vclie;DbxCommonDriver;bindengine;IndyIPCommon;VCLRESTComponents;DBXMSSQLDriver;FireDACCommonODBC;emsclient;appanalytics;IndyProtocols;vclx;Skia.Package.RTL;dbxcds;vcledge;IcsCommonD12Run;FmxTeeUI;DBXFirebirdDriver;JvAppFrm;FireDACSqliteDriver;DbxClientDriver;JclVcl;soapmidas;TeeUI;Jcl;dbexpress;JvManagedThreads;IcsVclD12Run;inet;vcltouch;JvDB;FireDACDBXDriver;fmxdae;JvCustom;CustomIPTransport;FireDACMSSQLDriver;JvSystem;JvControls;PKIEDB29;JvCrypt;JvJans;JvMM;IndySystem;JvGlobus;JclContainers;JvPageComps;vclFireDAC;FireDACCommon;DataSnapServerMidas;FireDACODBCDriver;emsserverresource;DOSCommandDR;bindcompdbx;rtl;FireDACMySQLDriver;DBXSqliteDriver;TMSVCLUIPackPkgDXE15;DBXSybaseASEDriver;JvRuntimeDesign;JvXPCtrls;vclimg;DataSnapFireDAC;inetdbxpress;FireDAC;JvDocking;JvDlgs;xmlrtl;dsnap;JvCmp;FireDACDb2Driver;DBXOracleDriver;DBXInformixDriver;fmxobj;bindcompvclsmp;DataSnapNativeClient;DatasnapConnectorsFreePascal;emshosting;FireDACCommonDriver;IndyIPClient;bindcompvclwinx;emsedge;bindcompfmx;TMSVCLUIPackPkgExDXE15;JvBands;inetdb;FireDACASADriver;Tee;vclactnband;TMSVCLUIPackPkgXlsDXE15;fmxFireDAC;FireDACInfxDriver;DBXMySQLDriver;VclSmp;DataSnapCommon;AWSSDK;JvPascalInterpreter;EurekaLogCore;fmxase;JvPluginSystem;TMSVCLUIPackPkgWizDXE15;DBXOdbcDriver;JvTimeFramework;dbrtl;FireDACOracleDriver;Skia.Package.FMX;TeeDB;FireDACMSAccDriver;IcsFmxD12Run;DataSnapIndy10ServerTransport;JclDeveloperTools;PKIECtrl29;DataSnapConnectors;vcldsnap;DBXInterBaseDriver;FireDACMongoDBDriver;JvWizards;FireDACTDataDriver;Skia.Package.VCL;vcldb;SynEditDR;JvCore;bindcomp;IndyCore;RESTBackendComponents;AWSSDKFMX;FireDACADSDriver;AWSSDKVCL;RESTComponents;IndyIPServer;vcl;dsnapxml;adortl;dsnapcon;DataSnapClient;DataSnapProviderClient;JvDotNetCtrls;JvHMI;SMImportD12;FixInsight_12;DBXDb2Driver;emsclientfiredac;FireDACPgDriver;FireDACDSDriver;JvPrintPreview;tethering;JvStdCtrls;bindcompvcl;CloudService;DBXSybaseASADriver;FMXTee;soaprtl;soapserver;FireDACIBDriver;$(DCC_UsePackage)</DCC_UsePackage>
        <Icon_MainIcon>..\images\dpm.ico</Icon_MainIcon>
        <Manifest_File>$(BDS)\bin\default_app.manifest</Manifest_File>
    </PropertyGroup>
    <PropertyGroup Condition="'$(Base_Win64)'!=''">
        <AppDPIAwarenessMode>none</AppDPIAwarenessMode>
        <BT_BuildType>Debug</BT_BuildType>
        <DCC_Namespace>Winapi;System.Win;Data.Win;Datasnap.Win;Web.Win;Soap.Win;Xml.Win;$(DCC_Namespace)</DCC_Namespace>
        <DCC_UsePackage>vclwinx;DataSnapServer;fmx;vclie;DbxCommonDriver;bindengine;IndyIPCommon;VCLRESTComponents;DBXMSSQLDriver;FireDACCommonODBC;emsclient;appanalytics;IndyProtocols;vclx;dbxcds;vcledge;IcsCommonD12Run;FmxTeeUI;DBXFirebirdDriver;FireDACSqliteDriver;DbxClientDriver;soapmidas;TeeUI;dbexpress;IcsVclD12Run;inet;vcltouch;FireDACDBXDriver;fmxdae;CustomIPTransport;FireDACMSSQLDriver;PKIEDB29;IndySystem;vclFireDAC;FireDACCommon;DataSnapServerMidas;FireDACODBCDriver;emsserverresource;DOSCommandDR;bindcompdbx;rtl;FireDACMySQLDriver;DBXSqliteDriver;TMSVCLUIPackPkgDXE15;DBXSybaseASEDriver;vclimg;DataSnapFireDAC;inetdbxpress;FireDAC;xmlrtl;dsnap;FireDACDb2Driver;DBXOracleDriver;DBXInformixDriver;fmxobj;bindcompvclsmp;DataSnapNativeClient;DatasnapConnectorsFreePascal;emshosting;FireDACCommonDriver;IndyIPClient;bindcompvclwinx;emsedge;bindcompfmx;TMSVCLUIPackPkgExDXE15;inetdb;FireDACASADriver;Tee;vclactnband;TMSVCLUIPackPkgXlsDXE15;fmxFireDAC;FireDACInfxDriver;DBXMySQLDriver;VclSmp;DataSnapCommon;AWSSDK;EurekaLogCore;fmxase;DBXOdbcDriver;dbrtl;FireDACOracleDriver;TeeDB;FireDACMSAccDriver;IcsFmxD12Run;DataSnapIndy10ServerTransport;PKIECtrl29;DataSnapConnectors;vcldsnap;DBXInterBaseDriver;FireDACMongoDBDriver;FireDACTDataDriver;Skia.Package.VCL;vcldb;SynEditDR;bindcomp;IndyCore;RESTBackendComponents;AWSSDKFMX;FireDACADSDriver;AWSSDKVCL;RESTComponents;IndyIPServer;vcl;dsnapxml;adortl;dsnapcon;DataSnapClient;DataSnapProviderClient;DBXDb2Driver;emsclientfiredac;FireDACPgDriver;FireDACDSDriver;tethering;bindcompvcl;CloudService;DBXSybaseASADriver;FMXTee;soaprtl;soapserver;FireDACIBDriver;$(DCC_UsePackage)</DCC_UsePackage>
        <Icon_MainIcon>..\images\dpm.ico</Icon_MainIcon>
        <Manifest_File>$(BDS)\bin\default_app.manifest</Manifest_File>
    </PropertyGroup>
    <PropertyGroup Condition="'$(Cfg_1)'!=''">
        <DCC_DebugDCUs>true</DCC_DebugDCUs>
        <DCC_DebugInfoInExe>true</DCC_DebugInfoInExe>
        <DCC_Define>DEBUG;$(DCC_Define)</DCC_Define>
        <DCC_GenerateStackFrames>true</DCC_GenerateStackFrames>
        <DCC_IntegerOverflowCheck>true</DCC_IntegerOverflowCheck>
        <DCC_Optimize>false</DCC_Optimize>
        <DCC_RangeChecking>true</DCC_RangeChecking>
        <DCC_RemoteDebug>true</DCC_RemoteDebug>
    </PropertyGroup>
    <PropertyGroup Condition="'$(Cfg_1_Win32)'!=''">
        <AppDPIAwarenessMode>PerMonitorV2</AppDPIAwarenessMode>
        <DCC_RemoteDebug>false</DCC_RemoteDebug>
        <Icon_MainIcon>..\images\dpm.ico</Icon_MainIcon>
    </PropertyGroup>
    <PropertyGroup Condition="'$(Cfg_1_Win64)'!=''">
        <AppDPIAwarenessMode>PerMonitorV2</AppDPIAwarenessMode>
        <Icon_MainIcon>..\images\dpm.ico</Icon_MainIcon>
    </PropertyGroup>
    <PropertyGroup Condition="'$(Cfg_2)'!=''">
        <DCC_DebugInformation>0</DCC_DebugInformation>
        <DCC_Define>RELEASE;$(DCC_Define)</DCC_Define>
        <DCC_LocalDebugSymbols>false</DCC_LocalDebugSymbols>
        <DCC_SymbolReferenceInfo>0</DCC_SymbolReferenceInfo>
    </PropertyGroup>
    <PropertyGroup Condition="'$(Cfg_2_Win32)'!=''">
        <AppDPIAwarenessMode>PerMonitorV2</AppDPIAwarenessMode>
        <Icon_MainIcon>..\images\dpm.ico</Icon_MainIcon>
    </PropertyGroup>
    <PropertyGroup Condition="'$(Cfg_2_Win64)'!=''">
        <AppDPIAwarenessMode>PerMonitorV2</AppDPIAwarenessMode>
    </PropertyGroup>
    <PropertyGroup>
        <DPMCompiler>11.0</DPMCompiler>
        <DPMCache Condition="'$(DPMCache)' == ''">$(APPDATA)\.dpm\packages</DPMCache>
        <DPM>$(DPMCache)\$(DPMCompiler)\$(Platform)</DPM>
        <DPMSearch Condition="'$(Platform)'=='Win32'">$(DPM)\Gabr42.OmniThreadLibrary\3.7.10\lib;$(DPM)\VSoft.Uri\0.3.2\lib;$(DPM)\VSoft.SemanticVersion\0.2.5\lib;$(DPM)\VSoft.JsonDataObjects\0.2.1\lib;$(DPM)\VSoft.HttpClient\0.11.0-beta.10\lib;$(DPM)\VSoft.DOSCommand\2023.8.0\lib;$(DPM)\VSoft.CancellationToken\0.1.2\lib;$(DPM)\VSoft.Awaitable\0.6.0\lib;$(DPM)\VSoft.AntPatterns\0.1.7\lib;$(DPM)\Spring4D.Extensions\2.0.1\lib;$(DPM)\Spring4D.Core\2.0.1\lib;$(DPM)\Spring4D.Base\2.0.1\lib;</DPMSearch>
        <DPMSearch Condition="'$(Platform)'=='Win64'">$(DPM)\Gabr42.OmniThreadLibrary\3.7.10\lib;$(DPM)\VSoft.Uri\0.3.2\lib;$(DPM)\VSoft.SemanticVersion\0.2.5\lib;$(DPM)\VSoft.JsonDataObjects\0.2.1\lib;$(DPM)\VSoft.HttpClient\0.11.0-beta.10\lib;$(DPM)\VSoft.DOSCommand\2023.8.0\lib;$(DPM)\VSoft.CancellationToken\0.1.2\lib;$(DPM)\VSoft.Awaitable\0.6.0\lib;$(DPM)\VSoft.AntPatterns\0.1.7\lib;$(DPM)\Spring4D.Extensions\2.0.1\lib;$(DPM)\Spring4D.Core\2.0.1\lib;$(DPM)\Spring4D.Base\2.0.1\lib;</DPMSearch>
    </PropertyGroup>
    <ItemGroup>
        <DelphiCompile Include="$(MainSource)">
            <MainSource>MainSource</MainSource>
        </DelphiCompile>
        <DCCReference Include="DPM.Creator.MainForm.pas">
            <Form>DSpecCreatorForm</Form>
            <FormType>dfm</FormType>
        </DCCReference>
        <DCCReference Include="DPM.Creator.Dspec.FileHandler.pas"/>
        <DCCReference Include="DPM.Creator.Dspec.Replacer.pas"/>
        <DCCReference Include="DPM.Creator.TemplateForm.pas">
            <Form>TemplateForm</Form>
            <FormType>dfm</FormType>
        </DCCReference>
        <DCCReference Include="DPM.Creator.FileForm.pas">
            <Form>SourceForm</Form>
            <FormType>dfm</FormType>
        </DCCReference>
        <DCCReference Include="DPM.Creator.RuntimeForm.pas">
            <Form>BplForm</Form>
            <FormType>dfm</FormType>
        </DCCReference>
        <DCCReference Include="DPM.Creator.SearchPathForm.pas">
            <Form>SearchPathForm</Form>
            <FormType>dfm</FormType>
        </DCCReference>
        <DCCReference Include="DPM.Creator.OptionsForm.pas">
            <Form>OptionsForm</Form>
            <FormType>dfm</FormType>
        </DCCReference>
        <DCCReference Include="DPM.Creator.DependencyForm.pas">
            <Form>DependencyForm</Form>
            <FormType>dfm</FormType>
        </DCCReference>
        <DCCReference Include="..\Core\DPM.Core.Types.pas"/>
        <DCCReference Include="..\Core\DPM.Core.TargetPlatform.pas"/>
        <DCCReference Include="..\Core\DPM.Core.Init.pas"/>
        <DCCReference Include="..\Core\DPM.Core.Constants.pas"/>
        <DCCReference Include="..\Core\Cache\DPM.Core.Cache.Interfaces.pas"/>
        <DCCReference Include="..\Core\Cache\DPM.Core.Cache.pas"/>
        <DCCReference Include="..\Core\Compiler\DPM.Core.Compiler.EnvironmentProvider.pas"/>
        <DCCReference Include="..\Core\Compiler\DPM.Core.Compiler.Factory.pas"/>
        <DCCReference Include="..\Core\Compiler\DPM.Core.Compiler.Interfaces.pas"/>
        <DCCReference Include="..\Core\Compiler\DPM.Core.Compiler.MSBuild.pas"/>
        <DCCReference Include="..\Core\Configuration\DPM.Core.Configuration.Classes.pas"/>
        <DCCReference Include="..\Core\Configuration\DPM.Core.Configuration.Interfaces.pas"/>
        <DCCReference Include="..\Core\Configuration\DPM.Core.Configuration.Manager.pas"/>
        <DCCReference Include="..\Core\Dependency\DPM.Core.Dependency.Context.pas"/>
        <DCCReference Include="..\Core\Dependency\DPM.Core.Dependency.Reference.pas"/>
        <DCCReference Include="..\Core\Dependency\DPM.Core.Dependency.Interfaces.pas"/>
        <DCCReference Include="..\Core\Dependency\DPM.Core.Dependency.Resolution.pas"/>
        <DCCReference Include="..\Core\Dependency\DPM.Core.Dependency.Resolver.pas"/>
        <DCCReference Include="..\Core\Dependency\DPM.Core.Dependency.Version.pas"/>
        <DCCReference Include="..\Core\Logging\DPM.Core.Logging.pas"/>
        <DCCReference Include="..\Core\Options\DPM.Core.Options.Base.pas"/>
        <DCCReference Include="..\Core\Options\DPM.Core.Options.Cache.pas"/>
        <DCCReference Include="..\Core\Options\DPM.Core.Options.Common.pas"/>
        <DCCReference Include="..\Core\Options\DPM.Core.Options.Config.pas"/>
        <DCCReference Include="..\Core\Options\DPM.Core.Options.Install.pas"/>
        <DCCReference Include="..\Core\Options\DPM.Core.Options.List.pas"/>
        <DCCReference Include="..\Core\Options\DPM.Core.Options.Pack.pas"/>
        <DCCReference Include="..\Core\Options\DPM.Core.Options.Push.pas"/>
        <DCCReference Include="..\Core\Options\DPM.Core.Options.Restore.pas"/>
        <DCCReference Include="..\Core\Options\DPM.Core.Options.Search.pas"/>
        <DCCReference Include="..\Core\Options\DPM.Core.Options.Sources.pas"/>
        <DCCReference Include="..\Core\Options\DPM.Core.Options.Spec.pas"/>
        <DCCReference Include="..\Core\Options\DPM.Core.Options.UnInstall.pas"/>
        <DCCReference Include="..\Core\Package\DPM.Core.Package.Dependency.pas"/>
        <DCCReference Include="..\Core\Package\DPM.Core.Package.Installer.pas"/>
        <DCCReference Include="..\Core\Package\DPM.Core.Package.InstallerContext.pas"/>
        <DCCReference Include="..\Core\Package\DPM.Core.Package.Interfaces.pas"/>
        <DCCReference Include="..\Core\Package\DPM.Core.Package.Classes.pas"/>
        <DCCReference Include="..\Core\Package\DPM.Core.Package.SearchResults.pas"/>
        <DCCReference Include="..\Core\Packaging\DPM.Core.Packaging.Archive.pas"/>
        <DCCReference Include="..\Core\Packaging\DPM.Core.Packaging.Archive.Reader.pas"/>
        <DCCReference Include="..\Core\Packaging\DPM.Core.Packaging.Archive.Writer.pas"/>
        <DCCReference Include="..\Core\Packaging\DPM.Core.Packaging.IdValidator.pas"/>
        <DCCReference Include="..\Core\Packaging\DPM.Core.Packaging.pas"/>
        <DCCReference Include="..\Core\Packaging\DPM.Core.Packaging.Writer.pas"/>
        <DCCReference Include="..\Core\Project\DPM.Core.Project.Configuration.pas"/>
        <DCCReference Include="..\Core\Project\DPM.Core.Project.Editor.pas"/>
        <DCCReference Include="..\Core\Project\DPM.Core.Project.GroupProjReader.pas"/>
        <DCCReference Include="..\Core\Project\DPM.Core.Project.Interfaces.pas"/>
        <DCCReference Include="..\Core\Repository\DPM.Core.Repository.Base.pas"/>
        <DCCReference Include="..\Core\Repository\DPM.Core.Repository.Directory.pas"/>
        <DCCReference Include="..\Core\Repository\DPM.Core.Repository.Factory.pas"/>
        <DCCReference Include="..\Core\Repository\DPM.Core.Repository.Http.pas"/>
        <DCCReference Include="..\Core\Repository\DPM.Core.Repository.Interfaces.pas"/>
        <DCCReference Include="..\Core\Repository\DPM.Core.Repository.Manager.pas"/>
        <DCCReference Include="..\Core\Sources\DPM.Core.Sources.Interfaces.pas"/>
        <DCCReference Include="..\Core\Sources\DPM.Core.Sources.Manager.pas"/>
        <DCCReference Include="..\Core\Sources\DPM.Core.Sources.Types.pas"/>
        <DCCReference Include="..\Core\Spec\DPM.Core.Spec.BPLEntry.pas"/>
        <DCCReference Include="..\Core\Spec\DPM.Core.Spec.BuildEntry.pas"/>
        <DCCReference Include="..\Core\Spec\DPM.Core.Spec.Dependency.pas"/>
        <DCCReference Include="..\Core\Spec\DPM.Core.Spec.DependencyGroup.pas"/>
        <DCCReference Include="..\Core\Spec\DPM.Core.Spec.FileEntry.pas"/>
        <DCCReference Include="..\Core\Spec\DPM.Core.Spec.Interfaces.pas"/>
        <DCCReference Include="..\Core\Spec\DPM.Core.Spec.MetaData.pas"/>
        <DCCReference Include="..\Core\Spec\DPM.Core.Spec.Node.pas"/>
        <DCCReference Include="..\Core\Spec\DPM.Core.Spec.pas"/>
        <DCCReference Include="..\Core\Spec\DPM.Core.Spec.Reader.pas"/>
        <DCCReference Include="..\Core\Spec\DPM.Core.Spec.SearchPath.pas"/>
        <DCCReference Include="..\Core\Spec\DPM.Core.Spec.SearchPathGroup.pas"/>
        <DCCReference Include="..\Core\Spec\DPM.Core.Spec.TargetPlatform.pas"/>
        <DCCReference Include="..\Core\Spec\DPM.Core.Spec.Template.pas"/>
        <DCCReference Include="..\Core\Spec\DPM.Core.Spec.TemplateBase.pas"/>
        <DCCReference Include="..\Core\Spec\DPM.Core.Spec.Writer.pas"/>
        <DCCReference Include="..\Core\Utils\DPM.Core.Utils.Config.pas"/>
        <DCCReference Include="..\Core\Utils\DPM.Core.Utils.Directory.pas"/>
        <DCCReference Include="..\Core\Utils\DPM.Core.Utils.Enum.pas"/>
        <DCCReference Include="..\Core\Utils\DPM.Core.Utils.Numbers.pas"/>
        <DCCReference Include="..\Core\Utils\DPM.Core.Utils.Path.pas"/>
        <DCCReference Include="..\Core\Utils\DPM.Core.Utils.Process.pas"/>
        <DCCReference Include="..\Core\Utils\DPM.Core.Utils.Strings.pas"/>
        <DCCReference Include="..\Core\Utils\DPM.Core.Utils.System.pas"/>
        <DCCReference Include="..\Core\Utils\DPM.Core.Utils.XML.pas"/>
        <DCCReference Include="..\Core\Xml\DPM.Core.MSXML.pas"/>
        <DCCReference Include="..\Core\Xml\DPM.Core.XML.NodeBase.pas"/>
        <DCCReference Include="..\Core\Package\DPM.Core.Package.Icon.pas"/>
        <DCCReference Include="..\Core\Compiler\DPM.Core.Compiler.BOM.pas"/>
        <DCCReference Include="..\Core\Compiler\DPM.Core.Compiler.ProjectSettings.pas"/>
        <DCCReference Include="..\Core\Utils\DPM.Core.Utils.Files.pas"/>
        <DCCReference Include="..\Core\Package\DPM.Core.Package.Installer.Interfaces.pas"/>
        <DCCReference Include="..\Core\Options\DPM.Core.Options.Info.pas"/>
        <DCCReference Include="..\Core\Sources\DPM.Core.Sources.ServiceIndex.pas"/>
        <DCCReference Include="..\Core\Package\DPM.Core.Package.ListItem.pas"/>
        <DCCReference Include="..\Core\Package\DPM.Core.Package.PackageLatestVersionInfo.pas"/>
        <DCCReference Include="..\IDE\DPM.IDE.AddInOptionsFrame.pas">
            <Form>DPMOptionsFrame</Form>
            <DesignClass>TFrame</DesignClass>
        </DCCReference>
        <DCCReference Include="..\IDE\DPM.IDE.Types.pas"/>
        <DCCReference Include="DPM.Creator.Logger.pas"/>
        <DCCReference Include="DPM.Creator.TemplateTreeNode.pas"/>
        <DCCReference Include="DPM.Creator.BuildForm.pas">
            <Form>BuildForm</Form>
            <FormType>dfm</FormType>
        </DCCReference>
        <DCCReference Include="..\IDE\Options\DPM.IDE.Options.pas"/>
        <DCCReference Include="..\IDE\DPM.IDE.AboutForm.pas">
            <Form>DPMAboutForm</Form>
            <FormType>dfm</FormType>
        </DCCReference>
        <DCCReference Include="..\Core\Manifest\DPM.Core.Manifest.Interfaces.pas"/>
        <DCCReference Include="..\Core\Manifest\DPM.Core.Manifest.pas"/>
        <DCCReference Include="..\Core\Manifest\DPM.Core.Manifest.Reader.pas"/>
        <DCCReference Include="DPM.Creator.MRUService.pas"/>
        <DCCReference Include="Controls\VSoft.Controls.Menus.MRU.pas"/>
        <RcItem Include="..\images\add_16px.png">
            <ResourceType>RCDATA</ResourceType>
            <ResourceId>ADD_PACKAGE_16</ResourceId>
        </RcItem>
        <RcItem Include="..\images\remove_16px.png">
            <ResourceType>RCDATA</ResourceType>
            <ResourceId>REMOVE_PACKAGE_16</ResourceId>
        </RcItem>
        <RcItem Include="..\images\add_24px.png">
            <ResourceType>RCDATA</ResourceType>
            <ResourceId>ADD_PACKAGE_24</ResourceId>
        </RcItem>
        <RcItem Include="..\images\add_32px.png">
            <ResourceType>RCDATA</ResourceType>
            <ResourceId>ADD_PACKAGE_32</ResourceId>
        </RcItem>
        <RcItem Include="..\images\add_48px.png">
            <ResourceType>RCDATA</ResourceType>
            <ResourceId>ADD_PACKAGE_48</ResourceId>
        </RcItem>
        <RcItem Include="..\images\remove_24px.png">
            <ResourceType>RCDATA</ResourceType>
            <ResourceId>REMOVE_PACKAGE_24</ResourceId>
        </RcItem>
        <RcItem Include="..\images\remove_32px.png">
            <ResourceType>RCDATA</ResourceType>
            <ResourceId>REMOVE_PACKAGE_32</ResourceId>
        </RcItem>
        <RcItem Include="..\images\remove_48px.png">
            <ResourceType>RCDATA</ResourceType>
            <ResourceId>REMOVE_PACKAGE_48</ResourceId>
        </RcItem>
        <RcItem Include="..\images\move-up_16px.png">
            <ResourceType>RCDATA</ResourceType>
            <ResourceId>MOVE_UP_16</ResourceId>
        </RcItem>
        <RcItem Include="..\images\move-up_24px.png">
            <ResourceType>RCDATA</ResourceType>
            <ResourceId>MOVE_UP_24</ResourceId>
        </RcItem>
        <RcItem Include="..\images\move-up_32px.png">
            <ResourceType>RCDATA</ResourceType>
            <ResourceId>MOVE_UP_32</ResourceId>
        </RcItem>
        <RcItem Include="..\images\move-up_48px.png">
            <ResourceType>RCDATA</ResourceType>
            <ResourceId>MOVE_UP_48</ResourceId>
        </RcItem>
        <RcItem Include="..\images\move-down_16px.png">
            <ResourceType>RCDATA</ResourceType>
            <ResourceId>MOVE_DOWN_16</ResourceId>
        </RcItem>
        <RcItem Include="..\images\move-down_24px.png">
            <ResourceType>RCDATA</ResourceType>
            <ResourceId>MOVE_DOWN_24</ResourceId>
        </RcItem>
        <RcItem Include="..\images\move-down_32px.png">
            <ResourceType>RCDATA</ResourceType>
            <ResourceId>MOVE_DOWN_32</ResourceId>
        </RcItem>
        <RcItem Include="..\images\move-down_48px.png">
            <ResourceType>RCDATA</ResourceType>
            <ResourceId>MOVE_DOWN_48</ResourceId>
        </RcItem>
        <RcItem Include="..\images\open_16px.png">
            <ResourceType>RCDATA</ResourceType>
            <ResourceId>OPEN_16</ResourceId>
        </RcItem>
        <RcItem Include="..\images\open_24px.png">
            <ResourceType>RCDATA</ResourceType>
            <ResourceId>OPEN_24</ResourceId>
        </RcItem>
        <RcItem Include="..\images\open_32px.png">
            <ResourceType>RCDATA</ResourceType>
            <ResourceId>OPEN_32</ResourceId>
        </RcItem>
        <RcItem Include="..\images\open_48px.png">
            <ResourceType>RCDATA</ResourceType>
            <ResourceId>OPEN_48</ResourceId>
        </RcItem>
        <RcItem Include="Resources\spdx-licenses.txt">
            <ContainerId>ResourceItem</ContainerId>
            <ResourceType>RCDATA</ResourceType>
            <ResourceId>SPDX</ResourceId>
        </RcItem>
        <BuildConfiguration Include="Base">
            <Key>Base</Key>
        </BuildConfiguration>
        <BuildConfiguration Include="Debug">
            <Key>Cfg_1</Key>
            <CfgParent>Base</CfgParent>
        </BuildConfiguration>
        <BuildConfiguration Include="Release">
            <Key>Cfg_2</Key>
            <CfgParent>Base</CfgParent>
        </BuildConfiguration>
    </ItemGroup>
    <ProjectExtensions>
        <Borland.Personality>Delphi.Personality.12</Borland.Personality>
        <Borland.ProjectType>Application</Borland.ProjectType>
        <BorlandProject>
            <Delphi.Personality>
                <Source>
                    <Source Name="MainSource">DspecCreator.dpr</Source>
                </Source>
                <Excluded_Packages/>
            </Delphi.Personality>
            <Platforms>
                <Platform value="Win32">True</Platform>
                <Platform value="Win64">True</Platform>
            </Platforms>
        </BorlandProject>
        <ProjectFileVersion>12</ProjectFileVersion>
        <DPM>
            <PackageReference id="Spring4D.Base" platform="Win32" version="2.0.1"/>
            <PackageReference id="Spring4D.Core" platform="Win32" version="2.0.1">
                <PackageReference id="Spring4D.Base" platform="Win32" version="2.0.1" range="2.0.1"/>
            </PackageReference>
            <PackageReference id="Spring4D.Extensions" platform="Win32" version="2.0.1">
                <PackageReference id="Spring4D.Base" platform="Win32" version="2.0.1" range="2.0.1"/>
            </PackageReference>
            <PackageReference id="VSoft.AntPatterns" platform="Win32" version="0.1.7"/>
            <PackageReference id="VSoft.Awaitable" platform="Win32" version="0.6.0">
                <PackageReference id="Gabr42.OmniThreadLibrary" platform="Win32" version="3.7.10" range="[3.7.10,]"/>
                <PackageReference id="VSoft.CancellationToken" platform="Win32" version="0.1.2" range="0.1.2"/>
            </PackageReference>
            <PackageReference id="VSoft.CancellationToken" platform="Win32" version="0.1.2"/>
            <PackageReference id="VSoft.DOSCommand" platform="Win32" version="2023.8.0"/>
            <PackageReference id="VSoft.HttpClient" platform="Win32" version="0.11.0-beta.10">
                <PackageReference id="VSoft.CancellationToken" platform="Win32" version="0.1.2" range="0.1.2"/>
                <PackageReference id="VSoft.Uri" platform="Win32" version="0.3.2" range="0.3.2"/>
            </PackageReference>
            <PackageReference id="VSoft.JsonDataObjects" platform="Win32" version="0.2.1"/>
            <PackageReference id="VSoft.SemanticVersion" platform="Win32" version="0.2.5"/>
            <PackageReference id="VSoft.Uri" platform="Win32" version="0.3.2"/>
            <PackageReference id="Spring4D.Base" platform="Win64" version="2.0.1"/>
            <PackageReference id="Spring4D.Core" platform="Win64" version="2.0.1">
                <PackageReference id="Spring4D.Base" platform="Win64" version="2.0.1" range="2.0.1"/>
            </PackageReference>
            <PackageReference id="Spring4D.Extensions" platform="Win64" version="2.0.1">
                <PackageReference id="Spring4D.Base" platform="Win64" version="2.0.1" range="2.0.1"/>
            </PackageReference>
            <PackageReference id="VSoft.AntPatterns" platform="Win64" version="0.1.7"/>
            <PackageReference id="VSoft.Awaitable" platform="Win64" version="0.6.0">
                <PackageReference id="Gabr42.OmniThreadLibrary" platform="Win64" version="3.7.10" range="[3.7.10,]"/>
                <PackageReference id="VSoft.CancellationToken" platform="Win64" version="0.1.2" range="0.1.2"/>
            </PackageReference>
            <PackageReference id="VSoft.CancellationToken" platform="Win64" version="0.1.2"/>
            <PackageReference id="VSoft.DOSCommand" platform="Win64" version="2023.8.0"/>
            <PackageReference id="VSoft.HttpClient" platform="Win64" version="0.11.0-beta.10">
                <PackageReference id="VSoft.CancellationToken" platform="Win64" version="0.1.2" range="0.1.2"/>
                <PackageReference id="VSoft.Uri" platform="Win64" version="0.3.2" range="0.3.2"/>
            </PackageReference>
            <PackageReference id="VSoft.JsonDataObjects" platform="Win64" version="0.2.1"/>
            <PackageReference id="VSoft.SemanticVersion" platform="Win64" version="0.2.5"/>
            <PackageReference id="VSoft.Uri" platform="Win64" version="0.3.2"/>
        </DPM>
    </ProjectExtensions>
    <Import Project="$(BDS)\Bin\CodeGear.Delphi.Targets" Condition="Exists('$(BDS)\Bin\CodeGear.Delphi.Targets')"/>
    <Import Project="$(APPDATA)\Embarcadero\$(BDSAPPDATABASEDIR)\$(PRODUCTVERSION)\UserTools.proj" Condition="Exists('$(APPDATA)\Embarcadero\$(BDSAPPDATABASEDIR)\$(PRODUCTVERSION)\UserTools.proj')"/>
    <Import Project="$(MSBuildProjectName).deployproj" Condition="Exists('$(MSBuildProjectName).deployproj')"/>
</Project>
