<Project xmlns="http://schemas.microsoft.com/developer/msbuild/2003">
    <PropertyGroup>
        <ProjectGuid>{8FF7EA44-009F-4370-BDA2-3C30D26F6FC9}</ProjectGuid>
        <MainSource>DPM.IDE.XE5.dpr</MainSource>
        <ProjectVersion>15.0</ProjectVersion>
        <FrameworkType>VCL</FrameworkType>
        <Base>true</Base>
        <Config Condition="'$(Config)'==''">Release</Config>
        <Platform Condition="'$(Platform)'==''">Win32</Platform>
        <TargetedPlatforms>1</TargetedPlatforms>
        <AppType>Library</AppType>
    </PropertyGroup>
    <PropertyGroup Condition="'$(Config)'=='Base' or '$(Base)'!=''">
        <Base>true</Base>
    </PropertyGroup>
    <PropertyGroup Condition="('$(Platform)'=='Win32' and '$(Base)'=='true') or '$(Base_Win32)'!=''">
        <Base_Win32>true</Base_Win32>
        <CfgParent>Base</CfgParent>
        <Base>true</Base>
    </PropertyGroup>
    <PropertyGroup Condition="'$(Config)'=='Debug' or '$(Cfg_1)'!=''">
        <Cfg_1>true</Cfg_1>
        <CfgParent>Base</CfgParent>
        <Base>true</Base>
    </PropertyGroup>
    <PropertyGroup Condition="'$(Config)'=='Release' or '$(Cfg_2)'!=''">
        <Cfg_2>true</Cfg_2>
        <CfgParent>Base</CfgParent>
        <Base>true</Base>
    </PropertyGroup>
    <PropertyGroup Condition="('$(Platform)'=='Win32' and '$(Cfg_1)'=='true') or '$(Cfg_1_Win32)'!=''">
        <Cfg_1_Win32>true</Cfg_1_Win32>
        <CfgParent>Cfg_1</CfgParent>
        <Cfg_1>true</Cfg_1>
        <Base>true</Base>
    </PropertyGroup>
    <PropertyGroup Condition="('$(Platform)'=='Win32' and '$(Cfg_2)'=='true') or '$(Cfg_2_Win32)'!=''">
        <Cfg_2_Win32>true</Cfg_2_Win32>
        <CfgParent>Cfg_2</CfgParent>
        <Cfg_2>true</Cfg_2>
        <Base>true</Base>
    </PropertyGroup>
    <PropertyGroup Condition="'$(Base)'!=''">
        <SanitizedProjectName>DPM_IDE</SanitizedProjectName>
        <GenPackage>false</GenPackage>
        <GenDll>true</GenDll>
        <Description>DPM IDE Plugin for Delphi XE5</Description>
        <DCC_Namespace>System;Xml;Data;Datasnap;Web;Soap;$(DCC_Namespace)</DCC_Namespace>
        <DCC_DcuOutput>.\$(Platform)\$(Config)</DCC_DcuOutput>
        <DCC_ExeOutput>.\$(Platform)\$(Config)</DCC_ExeOutput>
    </PropertyGroup>
    <PropertyGroup Condition="'$(Base_Win32)'!=''">
        <DCC_Namespace>Winapi;System.Win;Data.Win;Datasnap.Win;Web.Win;Soap.Win;Xml.Win;Bde;$(DCC_Namespace)</DCC_Namespace>
        <OutputExt>XE5.dll</OutputExt>
    </PropertyGroup>
    <PropertyGroup Condition="'$(Cfg_1)'!=''">
        <DCC_Define>DEBUG;$(DCC_Define)</DCC_Define>
        <DCC_Optimize>false</DCC_Optimize>
        <DCC_GenerateStackFrames>true</DCC_GenerateStackFrames>
        <DCC_DebugInfoInExe>true</DCC_DebugInfoInExe>
        <DCC_RemoteDebug>true</DCC_RemoteDebug>
    </PropertyGroup>
    <PropertyGroup Condition="'$(Cfg_2)'!=''">
        <DCC_LocalDebugSymbols>false</DCC_LocalDebugSymbols>
        <DCC_Define>RELEASE;$(DCC_Define)</DCC_Define>
        <DCC_SymbolReferenceInfo>0</DCC_SymbolReferenceInfo>
        <DCC_DebugInformation>0</DCC_DebugInformation>
    </PropertyGroup>
    <PropertyGroup Condition="'$(Cfg_1_Win32)'!=''">
        <DCC_RemoteDebug>false</DCC_RemoteDebug>
    </PropertyGroup>
    <ItemGroup>
        <DelphiCompile Include="$(MainSource)">
            <MainSource>MainSource</MainSource>
        </DelphiCompile>
        <DCCReference Include="System.SysUtils"/>
        <DCCReference Include="System.Classes"/>
        <DCCReference Include="..\..\SVG\GDIPKerning.pas"/>
        <DCCReference Include="..\..\SVG\GDIPOBJ2.pas"/>
        <DCCReference Include="..\..\SVG\GDIPPathText.pas"/>
        <DCCReference Include="..\..\SVG\PasSVGFactory.pas"/>
        <DCCReference Include="..\..\SVG\SVG.pas"/>
        <DCCReference Include="..\..\SVG\SVGBase64.pas"/>
        <DCCReference Include="..\..\SVG\SVGColor.pas"/>
        <DCCReference Include="..\..\SVG\SVGCommon.pas"/>
        <DCCReference Include="..\..\SVG\SVGGraphic.pas"/>
        <DCCReference Include="..\..\SVG\SVGInterfaces.pas"/>
        <DCCReference Include="..\..\SVG\SVGPaint.pas"/>
        <DCCReference Include="..\..\SVG\SVGParse.pas"/>
        <DCCReference Include="..\..\SVG\SVGPath.pas"/>
        <DCCReference Include="..\..\SVG\SVGStyle.pas"/>
        <DCCReference Include="..\..\SVG\SVGTypes.pas"/>
        <DCCReference Include="..\..\SVG\XmlLite.pas"/>
        <DCCReference Include="..\..\Core\DPM.Core.Constants.pas"/>
        <DCCReference Include="..\..\Core\DPM.Core.Init.pas"/>
        <DCCReference Include="..\..\Core\DPM.Core.TargetPlatform.pas"/>
        <DCCReference Include="..\..\Core\DPM.Core.Types.pas"/>
        <DCCReference Include="..\..\Core\Cache\DPM.Core.Cache.Interfaces.pas"/>
        <DCCReference Include="..\..\Core\Cache\DPM.Core.Cache.pas"/>
        <DCCReference Include="..\..\Core\Compiler\DPM.Core.Compiler.BOM.pas"/>
        <DCCReference Include="..\..\Core\Compiler\DPM.Core.Compiler.EnvironmentProvider.pas"/>
        <DCCReference Include="..\..\Core\Compiler\DPM.Core.Compiler.Factory.pas"/>
        <DCCReference Include="..\..\Core\Compiler\DPM.Core.Compiler.Interfaces.pas"/>
        <DCCReference Include="..\..\Core\Compiler\DPM.Core.Compiler.MSBuild.pas"/>
        <DCCReference Include="..\..\Core\Compiler\DPM.Core.Compiler.ProjectSettings.pas"/>
        <DCCReference Include="..\..\Core\Configuration\DPM.Core.Configuration.Classes.pas"/>
        <DCCReference Include="..\..\Core\Configuration\DPM.Core.Configuration.Interfaces.pas"/>
        <DCCReference Include="..\..\Core\Configuration\DPM.Core.Configuration.Manager.pas"/>
        <DCCReference Include="..\..\Core\Dependency\DPM.Core.Dependency.Context.pas"/>
        <DCCReference Include="..\..\Core\Dependency\DPM.Core.Dependency.Graph.pas"/>
        <DCCReference Include="..\..\Core\Dependency\DPM.Core.Dependency.Interfaces.pas"/>
        <DCCReference Include="..\..\Core\Dependency\DPM.Core.Dependency.LockFile.pas"/>
        <DCCReference Include="..\..\Core\Dependency\DPM.Core.Dependency.Resolution.pas"/>
        <DCCReference Include="..\..\Core\Dependency\DPM.Core.Dependency.Resolver.pas"/>
        <DCCReference Include="..\..\Core\Dependency\DPM.Core.Dependency.Version.pas"/>
        <DCCReference Include="..\..\Core\External\VSoft.AntPatterns.pas"/>
        <DCCReference Include="..\..\Core\Logging\DPM.Core.Logging.pas"/>
        <DCCReference Include="..\..\Core\Options\DPM.Core.Options.Base.pas"/>
        <DCCReference Include="..\..\Core\Options\DPM.Core.Options.Cache.pas"/>
        <DCCReference Include="..\..\Core\Options\DPM.Core.Options.Common.pas"/>
        <DCCReference Include="..\..\Core\Options\DPM.Core.Options.Config.pas"/>
        <DCCReference Include="..\..\Core\Options\DPM.Core.Options.Feed.pas"/>
        <DCCReference Include="..\..\Core\Options\DPM.Core.Options.Info.pas"/>
        <DCCReference Include="..\..\Core\Options\DPM.Core.Options.Install.pas"/>
        <DCCReference Include="..\..\Core\Options\DPM.Core.Options.List.pas"/>
        <DCCReference Include="..\..\Core\Options\DPM.Core.Options.Pack.pas"/>
        <DCCReference Include="..\..\Core\Options\DPM.Core.Options.Push.pas"/>
        <DCCReference Include="..\..\Core\Options\DPM.Core.Options.Restore.pas"/>
        <DCCReference Include="..\..\Core\Options\DPM.Core.Options.Search.pas"/>
        <DCCReference Include="..\..\Core\Options\DPM.Core.Options.Sources.pas"/>
        <DCCReference Include="..\..\Core\Options\DPM.Core.Options.Spec.pas"/>
        <DCCReference Include="..\..\Core\Options\DPM.Core.Options.UnInstall.pas"/>
        <DCCReference Include="..\..\Core\Package\DPM.Core.Package.Dependency.pas"/>
        <DCCReference Include="..\..\Core\Package\DPM.Core.Package.Icon.pas"/>
        <DCCReference Include="..\..\Core\Package\DPM.Core.Package.Installer.Interfaces.pas"/>
        <DCCReference Include="..\..\Core\Package\DPM.Core.Package.Installer.pas"/>
        <DCCReference Include="..\..\Core\Package\DPM.Core.Package.InstallerContext.pas"/>
        <DCCReference Include="..\..\Core\Package\DPM.Core.Package.Interfaces.pas"/>
        <DCCReference Include="..\..\Core\Package\DPM.Core.Package.ListItem.pas"/>
        <DCCReference Include="..\..\Core\Package\DPM.Core.Package.Metadata.pas"/>
        <DCCReference Include="..\..\Core\Package\DPM.Core.Package.SearchPath.pas"/>
        <DCCReference Include="..\..\Core\Package\DPM.Core.Package.SearchResults.pas"/>
        <DCCReference Include="..\..\Core\Packaging\DPM.Core.Packaging.Archive.pas"/>
        <DCCReference Include="..\..\Core\Packaging\DPM.Core.Packaging.Archive.Reader.pas"/>
        <DCCReference Include="..\..\Core\Packaging\DPM.Core.Packaging.Archive.Writer.pas"/>
        <DCCReference Include="..\..\Core\Packaging\DPM.Core.Packaging.IdValidator.pas"/>
        <DCCReference Include="..\..\Core\Packaging\DPM.Core.Packaging.pas"/>
        <DCCReference Include="..\..\Core\Packaging\DPM.Core.Packaging.Writer.pas"/>
        <DCCReference Include="..\..\Core\Project\DPM.Core.Project.Configuration.pas"/>
        <DCCReference Include="..\..\Core\Project\DPM.Core.Project.Editor.pas"/>
        <DCCReference Include="..\..\Core\Project\DPM.Core.Project.GroupProjReader.pas"/>
        <DCCReference Include="..\..\Core\Project\DPM.Core.Project.Interfaces.pas"/>
        <DCCReference Include="..\..\Core\Repository\DPM.Core.Repository.Base.pas"/>
        <DCCReference Include="..\..\Core\Repository\DPM.Core.Repository.BaseGithub.pas"/>
        <DCCReference Include="..\..\Core\Repository\DPM.Core.Repository.Directory.pas"/>
        <DCCReference Include="..\..\Core\Repository\DPM.Core.Repository.DNGithub.pas"/>
        <DCCReference Include="..\..\Core\Repository\DPM.Core.Repository.DPMGithub.pas"/>
        <DCCReference Include="..\..\Core\Repository\DPM.Core.Repository.Factory.pas"/>
        <DCCReference Include="..\..\Core\Repository\DPM.Core.Repository.Http.pas"/>
        <DCCReference Include="..\..\Core\Repository\DPM.Core.Repository.Interfaces.pas"/>
        <DCCReference Include="..\..\Core\Repository\DPM.Core.Repository.Manager.pas"/>
        <DCCReference Include="..\..\Core\Repository\DPM.Core.Repository.PackageInfo.pas"/>
        <DCCReference Include="..\..\Core\Sources\DPM.Core.Sources.Interfaces.pas"/>
        <DCCReference Include="..\..\Core\Sources\DPM.Core.Sources.Manager.pas"/>
        <DCCReference Include="..\..\Core\Sources\DPM.Core.Sources.ServiceIndex.pas"/>
        <DCCReference Include="..\..\Core\Sources\DPM.Core.Sources.Types.pas"/>
        <DCCReference Include="..\..\Core\Spec\DPM.Core.Spec.BPLEntry.pas"/>
        <DCCReference Include="..\..\Core\Spec\DPM.Core.Spec.BuildEntry.pas"/>
        <DCCReference Include="..\..\Core\Spec\DPM.Core.Spec.Dependency.pas"/>
        <DCCReference Include="..\..\Core\Spec\DPM.Core.Spec.DependencyGroup.pas"/>
        <DCCReference Include="..\..\Core\Spec\DPM.Core.Spec.FileEntry.pas"/>
        <DCCReference Include="..\..\Core\Spec\DPM.Core.Spec.Interfaces.pas"/>
        <DCCReference Include="..\..\Core\Spec\DPM.Core.Spec.MetaData.pas"/>
        <DCCReference Include="..\..\Core\Spec\DPM.Core.Spec.Node.pas"/>
        <DCCReference Include="..\..\Core\Spec\DPM.Core.Spec.pas"/>
        <DCCReference Include="..\..\Core\Spec\DPM.Core.Spec.Reader.pas"/>
        <DCCReference Include="..\..\Core\Spec\DPM.Core.Spec.SearchPath.pas"/>
        <DCCReference Include="..\..\Core\Spec\DPM.Core.Spec.SearchPathGroup.pas"/>
        <DCCReference Include="..\..\Core\Spec\DPM.Core.Spec.TargetPlatform.pas"/>
        <DCCReference Include="..\..\Core\Spec\DPM.Core.Spec.Template.pas"/>
        <DCCReference Include="..\..\Core\Spec\DPM.Core.Spec.TemplateBase.pas"/>
        <DCCReference Include="..\..\Core\Spec\DPM.Core.Spec.Writer.pas"/>
        <DCCReference Include="..\..\Core\Utils\DPM.Core.Utils.Config.pas"/>
        <DCCReference Include="..\..\Core\Utils\DPM.Core.Utils.Directory.pas"/>
        <DCCReference Include="..\..\Core\Utils\DPM.Core.Utils.Enum.pas"/>
        <DCCReference Include="..\..\Core\Utils\DPM.Core.Utils.Files.pas"/>
        <DCCReference Include="..\..\Core\Utils\DPM.Core.Utils.Numbers.pas"/>
        <DCCReference Include="..\..\Core\Utils\DPM.Core.Utils.Path.pas"/>
        <DCCReference Include="..\..\Core\Utils\DPM.Core.Utils.Process.pas"/>
        <DCCReference Include="..\..\Core\Utils\DPM.Core.Utils.Strings.pas"/>
        <DCCReference Include="..\..\Core\Utils\DPM.Core.Utils.System.pas"/>
        <DCCReference Include="..\..\Core\Utils\DPM.Core.Utils.XML.pas"/>
        <DCCReference Include="..\..\Core\Xml\DPM.Core.MSXML.pas"/>
        <DCCReference Include="..\..\Core\Xml\DPM.Core.XML.NodeBase.pas"/>
        <DCCReference Include="..\..\Controls\DPM.Controls.AutoComplete.pas"/>
        <DCCReference Include="..\..\Controls\DPM.Controls.ButtonBar.pas"/>
        <DCCReference Include="..\..\Controls\DPM.Controls.ButtonedEdit.pas"/>
        <DCCReference Include="..\..\Controls\DPM.Controls.GroupButton.pas"/>
        <DCCReference Include="..\..\Controls\DPM.Controls.LogMemo.pas"/>
        <DCCReference Include="..\..\Controls\DPM.Controls.VersionGrid.pas"/>
        <DCCReference Include="..\..\IDE\DPM.IDE.AboutForm.pas"/>
        <DCCReference Include="..\..\IDE\DPM.IDE.AddInOptions.pas"/>
        <DCCReference Include="..\..\IDE\DPM.IDE.AddInOptionsFrame.pas"/>
        <DCCReference Include="..\..\IDE\DPM.IDE.AddInOptionsHostForm.pas"/>
        <DCCReference Include="..\..\IDE\DPM.IDE.Constants.pas"/>
        <DCCReference Include="..\..\IDE\DPM.IDE.IconCache.pas"/>
        <DCCReference Include="..\..\IDE\DPM.IDE.IDENotifier.pas"/>
        <DCCReference Include="..\..\IDE\DPM.IDE.InstallerContext.pas"/>
        <DCCReference Include="..\..\IDE\DPM.IDE.Main.pas"/>
        <DCCReference Include="..\..\IDE\DPM.IDE.ProjectController.pas"/>
        <DCCReference Include="..\..\IDE\DPM.IDE.ProjectMenu.pas"/>
        <DCCReference Include="..\..\IDE\DPM.IDE.ProjectStorageNotifier.pas"/>
        <DCCReference Include="..\..\IDE\DPM.IDE.ProjectTree.Containers.pas"/>
        <DCCReference Include="..\..\IDE\DPM.IDE.ProjectTreeManager.pas"/>
        <DCCReference Include="..\..\IDE\DPM.IDE.ToolsAPI.pas"/>
        <DCCReference Include="..\..\IDE\DPM.IDE.Types.pas"/>
        <DCCReference Include="..\..\IDE\DPM.IDE.Utils.pas"/>
        <DCCReference Include="..\..\IDE\DPM.IDE.VSTProxy.pas"/>
        <DCCReference Include="..\..\IDE\DPM.IDE.Wizard.pas"/>
        <DCCReference Include="..\..\IDE\EditorView\DPM.IDE.BaseEditViewFrame.pas"/>
        <DCCReference Include="..\..\IDE\EditorView\DPM.IDE.Details.Interfaces.pas"/>
        <DCCReference Include="..\..\IDE\EditorView\DPM.IDE.EditorView.pas"/>
        <DCCReference Include="..\..\IDE\EditorView\DPM.IDE.EditorViewFrame.pas"/>
        <DCCReference Include="..\..\IDE\EditorView\DPM.IDE.EditorViewManager.pas"/>
        <DCCReference Include="..\..\IDE\EditorView\DPM.IDE.GroupEditorView.pas"/>
        <DCCReference Include="..\..\IDE\EditorView\DPM.IDE.GroupEditorViewFrame.pas"/>
        <DCCReference Include="..\..\IDE\EditorView\DPM.IDE.PackageDetailsFrame.pas"/>
        <DCCReference Include="..\..\IDE\EditorView\DPM.IDE.PackageDetailsFrame.pas"/>
        <DCCReference Include="..\..\IDE\EditorView\DPM.IDE.PackageDetailsPanel.pas"/>
        <DCCReference Include="..\..\IDE\EditorView\DPM.IDE.SearchBarFrame.pas"/>
        <DCCReference Include="..\..\IDE\Logging\DPM.IDE.Logger.pas"/>
        <DCCReference Include="..\..\IDE\Logging\DPM.IDE.MessageForm.pas"/>
        <DCCReference Include="..\..\IDE\Logging\DPM.IDE.MessageService.pas"/>
        <DCCReference Include="..\..\IDE\Options\DPM.IDE.Options.pas"/>
        <DCCReference Include="..\..\IDE\DPM.IDE.AboutForm.pas">
            <Form>DPMAboutForm</Form>
            <FormType>dfm</FormType>
        </DCCReference>
        <DCCReference Include="..\..\IDE\DPM.IDE.AddInOptionsHostForm.pas">
            <Form>DPMOptionsHostForm</Form>
            <FormType>dfm</FormType>
        </DCCReference>
        <DCCReference Include="..\..\IDE\EditorView\DPM.IDE.EditorViewFrame.pas">
            <Form>DPMEditViewFrame</Form>
            <FormType>dfm</FormType>
            <DesignClass>TFrame</DesignClass>
        </DCCReference>
        <DCCReference Include="..\..\IDE\EditorView\DPM.IDE.PackageDetailsFrame.pas">
            <Form>PackageDetailsFrame</Form>
            <FormType>dfm</FormType>
            <DesignClass>TFrame</DesignClass>
        </DCCReference>
        <DCCReference Include="..\..\IDE\EditorView\DPM.IDE.SearchBarFrame.pas">
            <Form>DPMSearchBarFrame</Form>
            <FormType>dfm</FormType>
            <DesignClass>TFrame</DesignClass>
        </DCCReference>
        <DCCReference Include="..\..\IDE\Logging\DPM.IDE.MessageForm.pas">
            <Form>DPMMessageForm</Form>
            <FormType>dfm</FormType>
            <DesignClass>TFrame</DesignClass>
        </DCCReference>
        <DCCReference Include="..\..\IDE\EditorView\DPM.IDE.BaseEditViewFrame.pas">
            <Form>DPMBaseEditViewFrame</Form>
            <FormType>dfm</FormType>
            <DesignClass>TFrame</DesignClass>
        </DCCReference>
        <DCCReference Include="..\..\IDE\EditorView\DPM.IDE.GroupEditorViewFrame.pas">
            <Form>DPMGroupEditViewFrame</Form>
            <FormType>dfm</FormType>
            <DesignClass>TFrame</DesignClass>
        </DCCReference>
        <DCCReference Include="..\..\IDE\EditorView\DPM.IDE.PackageDetailsFrame.pas">
            <Form>PackageDetailsFrame</Form>
            <FormType>dfm</FormType>
            <DesignClass>TFrame</DesignClass>
        </DCCReference>
        <BuildConfiguration Include="Release">
            <Key>Cfg_2</Key>
            <CfgParent>Base</CfgParent>
        </BuildConfiguration>
        <BuildConfiguration Include="Base">
            <Key>Base</Key>
        </BuildConfiguration>
        <BuildConfiguration Include="Debug">
            <Key>Cfg_1</Key>
            <CfgParent>Base</CfgParent>
        </BuildConfiguration>
    </ItemGroup>
    <ProjectExtensions>
        <Borland.Personality>Borland.Personality.12</Borland.Personality>
        <Borland.ProjectType>Library</Borland.ProjectType>
        <BorlandProject>
            <Delphi.Personality>
                <Source>
                    <Source Name="MainSource">DPM.IDE.XE5.dpr</Source>
                </Source>
            </Delphi.Personality>
            <Platforms>
                <Platform value="Win32">True</Platform>
            </Platforms>
        </BorlandProject>
        <DPM>
            <PackageReference id="Spring4D.Core" version="2.0.0-rc.2" platform="Win32">
                <PackageReference id="Spring4D.Base" version="2.0.0-rc.2" platform="Win32"/>
            </PackageReference>
            <PackageReference id="Spring4D.Extensions" version="2.0.0-rc.2" platform="Win32">
                <PackageReference id="Spring4D.Base" version="2.0.0-rc.2" platform="Win32"/>
            </PackageReference>
            <PackageReference id="VSoft.AntPatterns" version="0.1.3" platform="Win32"/>
            <PackageReference id="VSoft.Awaitable" version="0.2.2" platform="Win32">
                <PackageReference id="Gabr42.OmniThreadLibrary" version="3.7.8" platform="Win32"/>
                <PackageReference id="VSoft.CancellationToken" version="0.0.4" platform="Win32"/>
            </PackageReference>
            <PackageReference id="VSoft.HttpClient" version="0.2.2" platform="Win32">
                <PackageReference id="VSoft.Uri" version="0.3.0" platform="Win32"/>
                <PackageReference id="VSoft.CancellationToken" version="0.0.4" platform="Win32"/>
            </PackageReference>
            <PackageReference id="VSoft.JsonDataObjects" version="0.1.3" platform="Win32"/>
            <PackageReference id="VSoft.SemanticVersion" version="0.2.3" platform="Win32"/>
            <PackageReference id="VSoft.VirtualListView" version="0.4.0" platform="Win32"/>
        </DPM>
    </ProjectExtensions>
    <Import Condition="Exists('$(BDS)\Bin\CodeGear.Delphi.Targets')" Project="$(BDS)\Bin\CodeGear.Delphi.Targets"/>
    <Import Condition="Exists('$(APPDATA)\Embarcadero\$(BDSAPPDATABASEDIR)\$(PRODUCTVERSION)\UserTools.proj')" Project="$(APPDATA)\Embarcadero\$(BDSAPPDATABASEDIR)\$(PRODUCTVERSION)\UserTools.proj"/>
    <Import Condition="Exists('$(MSBuildProjectName).deployproj')" Project="$(MSBuildProjectName).deployproj"/>
</Project>
