<Project xmlns="http://schemas.microsoft.com/developer/msbuild/2003">
    <PropertyGroup>
        <Base>True</Base>
        <AppType>Console</AppType>
        <Config Condition="'$(Config)'==''">Debug</Config>
        <FrameworkType>None</FrameworkType>
        <MainSource>dpm.dpr</MainSource>
        <Platform Condition="'$(Platform)'==''">Win32</Platform>
        <ProjectGuid>{CFBF7204-5639-4643-B895-08DDF96E0F8F}</ProjectGuid>
        <ProjectName Condition="'$(ProjectName)'==''">dpm</ProjectName>
        <ProjectVersion>20.3</ProjectVersion>
        <TargetedPlatforms>1</TargetedPlatforms>
    </PropertyGroup>
    <PropertyGroup Condition="'$(Config)'=='Base' or '$(Base)'!=''">
        <Base>true</Base>
    </PropertyGroup>
    <PropertyGroup Condition="('$(Platform)'=='Win32' and '$(Base)'=='true') or '$(Base_Win32)'!=''">
        <Base_Win32>true</Base_Win32>
        <CfgParent>Base</CfgParent>
        <Base>true</Base>
    </PropertyGroup>
    <PropertyGroup Condition="'$(Config)'=='Release' or '$(Cfg_1)'!=''">
        <Cfg_1>true</Cfg_1>
        <CfgParent>Base</CfgParent>
        <Base>true</Base>
    </PropertyGroup>
    <PropertyGroup Condition="('$(Platform)'=='Win32' and '$(Cfg_1)'=='true') or '$(Cfg_1_Win32)'!=''">
        <Cfg_1_Win32>true</Cfg_1_Win32>
        <CfgParent>Cfg_1</CfgParent>
        <Cfg_1>true</Cfg_1>
        <Base>true</Base>
    </PropertyGroup>
    <PropertyGroup Condition="'$(Config)'=='Debug' or '$(Cfg_2)'!=''">
        <Cfg_2>true</Cfg_2>
        <CfgParent>Base</CfgParent>
        <Base>true</Base>
    </PropertyGroup>
    <PropertyGroup Condition="('$(Platform)'=='Win32' and '$(Cfg_2)'=='true') or '$(Cfg_2_Win32)'!=''">
        <Cfg_2_Win32>true</Cfg_2_Win32>
        <CfgParent>Cfg_2</CfgParent>
        <Cfg_2>true</Cfg_2>
        <Base>true</Base>
    </PropertyGroup>
    <PropertyGroup Condition="'$(Base)'!=''">
        <SanitizedProjectName>dpm</SanitizedProjectName>
        <DCC_ExeOutput>..\Output</DCC_ExeOutput>
        <DCC_ImageBase>00400000</DCC_ImageBase>
        <DCC_Namespace>System;Xml;Data;Datasnap;Web;Soap;Vcl;Vcl.Imaging;Vcl.Touch;Vcl.Samples;Vcl.Shell;$(DCC_Namespace)</DCC_Namespace>
        <DCC_UnitSearchPath>$(DPMSearch);$(DCC_UnitSearchPath)</DCC_UnitSearchPath>
        <Icns_MainIcns>$(BDS)\bin\delphi_PROJECTICNS.icns</Icns_MainIcns>
        <Icon_MainIcon>$(BDS)\bin\delphi_PROJECTICON.ico</Icon_MainIcon>
        <Manifest_File>$(BDS)\bin\default_app.manifest</Manifest_File>
        <VerInfo_IncludeVerInfo>true</VerInfo_IncludeVerInfo>
        <VerInfo_Keys>CompanyName=;FileDescription=;FileVersion=0.1.9.0;InternalName=;LegalCopyright=© 2019 - 2020 Vincent Parrett and Contributors;LegalTrademarks=;OriginalFilename=dpm.exe;ProductName=DPM;ProductVersion=0.1.0.0;Comments=0.1.9-alpha;CFBundleName=</VerInfo_Keys>
        <VerInfo_Locale>3081</VerInfo_Locale>
        <VerInfo_MajorVer>0</VerInfo_MajorVer>
        <VerInfo_MinorVer>1</VerInfo_MinorVer>
        <VerInfo_Release>9</VerInfo_Release>
    </PropertyGroup>
    <PropertyGroup Condition="'$(Base_Win32)'!=''">
        <AppDPIAwarenessMode>none</AppDPIAwarenessMode>
        <DCC_Namespace>Winapi;System.Win;Data.Win;Datasnap.Win;Web.Win;Soap.Win;Xml.Win;Bde;$(DCC_Namespace)</DCC_Namespace>
        <DCC_UsePackage>rtl;$(DCC_UsePackage)</DCC_UsePackage>
    </PropertyGroup>
    <PropertyGroup Condition="'$(Cfg_1)'!=''">
        <DCC_DebugInformation>0</DCC_DebugInformation>
        <DCC_Define>RELEASE;$(DCC_Define)</DCC_Define>
        <DCC_LocalDebugSymbols>false</DCC_LocalDebugSymbols>
        <DCC_SymbolReferenceInfo>0</DCC_SymbolReferenceInfo>
    </PropertyGroup>
    <PropertyGroup Condition="'$(Cfg_1_Win32)'!=''">
        <Debugger_CWD>I:\Github\VSoftTechnologies\Indy</Debugger_CWD>
        <Debugger_HostApplication>I:\Github\DelphiPackageManager\DPM\Output\dpm.exe</Debugger_HostApplication>
        <Debugger_RunParams>pack Indy.System.dspec -o=i:\dpmfeed</Debugger_RunParams>
    </PropertyGroup>
    <PropertyGroup Condition="'$(Cfg_2)'!=''">
        <DCC_Define>DEBUG;$(DCC_Define)</DCC_Define>
        <DCC_GenerateStackFrames>true</DCC_GenerateStackFrames>
        <DCC_Optimize>false</DCC_Optimize>
    </PropertyGroup>
    <PropertyGroup Condition="'$(Cfg_2_Win32)'!=''">
        <DCC_DebugInfoInExe>true</DCC_DebugInfoInExe>
        <DCC_MapFile>3</DCC_MapFile>
        <Debugger_CWD>I:\Github\DelphiPackageManager\DPMMaster\Source</Debugger_CWD>
        <Debugger_EnvVars>DPMPACKAGECACHE=c:\temp\packagecache;$(Debugger_EnvVars)</Debugger_EnvVars>
        <Debugger_IncludeSystemVars>true</Debugger_IncludeSystemVars>
        <Debugger_RunParams>list -source=Private</Debugger_RunParams>
        <ILINK_MapFileType>DetailedSegments</ILINK_MapFileType>
    </PropertyGroup>
    <PropertyGroup>
        <DPMCompiler>12.0</DPMCompiler>
        <DPMCache Condition="'$(DPMCache)' == ''">$(APPDATA)\.dpm\packages</DPMCache>
        <DPM>$(DPMCache)\$(DPMCompiler)\$(Platform)</DPM>
        <DPMSearch Condition="'$(Platform)'=='Win32'">$(DPM)\VSoft.Uri\0.3.2\lib;$(DPM)\VSoft.SemanticVersion\0.2.5\lib;$(DPM)\VSoft.JsonDataObjects\0.3.0\lib;$(DPM)\VSoft.HttpClient\2.2.0\lib;$(DPM)\VSoft.CommandLine\0.1.6\lib;$(DPM)\VSoft.CancellationToken\0.1.2\lib;$(DPM)\VSoft.AntPatterns\0.1.7\lib;$(DPM)\Spring4D.Extensions\2.0.1\lib;$(DPM)\Spring4D.Core\2.0.1\lib;$(DPM)\Spring4D.Base\2.0.1\lib;</DPMSearch>
    </PropertyGroup>
    <ItemGroup>
        <DelphiCompile Include="$(MainSource)">
            <MainSource>MainSource</MainSource>
        </DelphiCompile>
        <DCCReference Include="Cmdline\DPM.Console.Types.pas"/>
        <DCCReference Include="Cmdline\DPM.Console.Reg.pas"/>
        <DCCReference Include="Cmdline\DPM.Console.Application.pas"/>
        <DCCReference Include="Cmdline\DPM.Console.Banner.pas"/>
        <DCCReference Include="Cmdline\Options\DPM.Console.Options.pas"/>
        <DCCReference Include="Cmdline\Options\DPM.Console.Options.Reg.pas"/>
        <DCCReference Include="Cmdline\Writer\DPM.Console.Writer.pas"/>
        <DCCReference Include="Cmdline\Writer\DPM.Console.Writer.Windows.pas"/>
        <DCCReference Include="Cmdline\Commands\DPM.Console.Command.Install.pas"/>
        <DCCReference Include="Cmdline\Commands\DPM.Console.Command.pas"/>
        <DCCReference Include="Cmdline\Commands\DPM.Console.Command.Restore.pas"/>
        <DCCReference Include="Cmdline\Commands\DPM.Console.Command.Pack.pas"/>
        <DCCReference Include="Cmdline\Commands\DPM.Console.Command.Factory.pas"/>
        <DCCReference Include="Cmdline\Commands\DPM.Console.Command.Help.pas"/>
        <DCCReference Include="Cmdline\Commands\DPM.Console.Command.Config.pas"/>
        <DCCReference Include="Cmdline\Commands\DPM.Console.Command.Delete.pas"/>
        <DCCReference Include="Cmdline\Commands\DPM.Console.Command.List.pas"/>
        <DCCReference Include="Cmdline\Commands\DPM.Console.Command.Push.pas"/>
        <DCCReference Include="Cmdline\Commands\DPM.Console.Command.SetApiKey.pas"/>
        <DCCReference Include="Cmdline\Commands\DPM.Console.Command.Sources.pas"/>
        <DCCReference Include="Cmdline\Commands\DPM.Console.Command.Spec.pas"/>
        <DCCReference Include="Cmdline\DPM.Console.ExitCodes.pas"/>
        <DCCReference Include="Cmdline\Commands\DPM.Console.Command.Update.pas"/>
        <DCCReference Include="Cmdline\Commands\DPM.Console.Command.ExitCodes.pas"/>
        <DCCReference Include="Cmdline\Commands\DPM.Console.Command.Base.pas"/>
        <DCCReference Include="Cmdline\Commands\DPM.Console.Command.Sign.pas"/>
        <DCCReference Include="Cmdline\Commands\DPM.Console.Command.Verify.pas"/>
        <DCCReference Include="Cmdline\Logging\DPM.Console.Logger.pas"/>
        <DCCReference Include="Cmdline\Commands\DPM.Console.Command.Uninstall.pas"/>
        <DCCReference Include="Cmdline\Commands\DPM.Console.Command.Why.pas"/>
        <DCCReference Include="Cmdline\Commands\DPM.Console.Command.Add.pas"/>
        <DCCReference Include="Cmdline\Commands\DPM.Console.Command.Cache.pas"/>
        <DCCReference Include="Core\Cache\DPM.Core.Cache.Interfaces.pas"/>
        <DCCReference Include="Core\Cache\DPM.Core.Cache.pas"/>
        <DCCReference Include="Core\Compiler\DPM.Core.Compiler.EnvironmentProvider.pas"/>
        <DCCReference Include="Core\Compiler\DPM.Core.Compiler.Factory.pas"/>
        <DCCReference Include="Core\Compiler\DPM.Core.Compiler.Interfaces.pas"/>
        <DCCReference Include="Core\Compiler\DPM.Core.Compiler.MSBuild.pas"/>
        <DCCReference Include="Core\Configuration\DPM.Core.Configuration.Classes.pas"/>
        <DCCReference Include="Core\Configuration\DPM.Core.Configuration.Interfaces.pas"/>
        <DCCReference Include="Core\Configuration\DPM.Core.Configuration.Manager.pas"/>
        <DCCReference Include="Core\Dependency\DPM.Core.Dependency.Context.pas"/>
        <DCCReference Include="Core\Dependency\DPM.Core.Dependency.Reference.pas"/>
        <DCCReference Include="Core\Dependency\DPM.Core.Dependency.Interfaces.pas"/>
        <DCCReference Include="Core\Dependency\DPM.Core.Dependency.Resolution.pas"/>
        <DCCReference Include="Core\Dependency\DPM.Core.Dependency.Resolver.pas"/>
        <DCCReference Include="Core\Dependency\DPM.Core.Dependency.Version.pas"/>
        <DCCReference Include="Core\Logging\DPM.Core.Logging.pas"/>
        <DCCReference Include="Core\Options\DPM.Core.Options.Base.pas"/>
        <DCCReference Include="Core\Options\DPM.Core.Options.Cache.pas"/>
        <DCCReference Include="Core\Options\DPM.Core.Options.Common.pas"/>
        <DCCReference Include="Core\Options\DPM.Core.Options.Config.pas"/>
        <DCCReference Include="Core\Options\DPM.Core.Options.Install.pas"/>
        <DCCReference Include="Core\Options\DPM.Core.Options.List.pas"/>
        <DCCReference Include="Core\Options\DPM.Core.Options.Pack.pas"/>
        <DCCReference Include="Core\Options\DPM.Core.Options.Push.pas"/>
        <DCCReference Include="Core\Options\DPM.Core.Options.Restore.pas"/>
        <DCCReference Include="Core\Options\DPM.Core.Options.Search.pas"/>
        <DCCReference Include="Core\Options\DPM.Core.Options.Sources.pas"/>
        <DCCReference Include="Core\Options\DPM.Core.Options.Spec.pas"/>
        <DCCReference Include="Core\Options\DPM.Core.Options.UnInstall.pas"/>
        <DCCReference Include="Core\Package\DPM.Core.Package.Dependency.pas"/>
        <DCCReference Include="Core\Package\DPM.Core.Package.Installer.pas"/>
        <DCCReference Include="Core\Package\DPM.Core.Package.InstallerContext.pas"/>
        <DCCReference Include="Core\Package\DPM.Core.Package.Interfaces.pas"/>
        <DCCReference Include="Core\Package\DPM.Core.Package.Classes.pas"/>
        <DCCReference Include="Core\Package\DPM.Core.Package.SearchResults.pas"/>
        <DCCReference Include="Core\Packaging\DPM.Core.Packaging.Archive.pas"/>
        <DCCReference Include="Core\Packaging\DPM.Core.Packaging.Archive.Reader.pas"/>
        <DCCReference Include="Core\Packaging\DPM.Core.Packaging.Archive.Writer.pas"/>
        <DCCReference Include="Core\Packaging\DPM.Core.Packaging.IdValidator.pas"/>
        <DCCReference Include="Core\Packaging\DPM.Core.Packaging.pas"/>
        <DCCReference Include="Core\Packaging\DPM.Core.Packaging.Writer.pas"/>
        <DCCReference Include="Core\Project\DPM.Core.Project.Configuration.pas"/>
        <DCCReference Include="Core\Project\DPM.Core.Project.Editor.pas"/>
        <DCCReference Include="Core\Project\DPM.Core.Project.GroupProjReader.pas"/>
        <DCCReference Include="Core\Project\DPM.Core.Project.Interfaces.pas"/>
        <DCCReference Include="Core\Repository\DPM.Core.Repository.Base.pas"/>
        <DCCReference Include="Core\Repository\DPM.Core.Repository.Directory.pas"/>
        <DCCReference Include="Core\Repository\DPM.Core.Repository.Factory.pas"/>
        <DCCReference Include="Core\Repository\DPM.Core.Repository.Http.pas"/>
        <DCCReference Include="Core\Repository\DPM.Core.Repository.Interfaces.pas"/>
        <DCCReference Include="Core\Repository\DPM.Core.Repository.Manager.pas"/>
        <DCCReference Include="Core\Sources\DPM.Core.Sources.Interfaces.pas"/>
        <DCCReference Include="Core\Sources\DPM.Core.Sources.Manager.pas"/>
        <DCCReference Include="Core\Sources\DPM.Core.Sources.Types.pas"/>
        <DCCReference Include="Core\Spec\DPM.Core.Spec.BPLEntry.pas"/>
        <DCCReference Include="Core\Spec\DPM.Core.Spec.BuildEntry.pas"/>
        <DCCReference Include="Core\Spec\DPM.Core.Spec.Dependency.pas"/>
        <DCCReference Include="Core\Spec\DPM.Core.Spec.DependencyGroup.pas"/>
        <DCCReference Include="Core\Spec\DPM.Core.Spec.FileEntry.pas"/>
        <DCCReference Include="Core\Spec\DPM.Core.Spec.Interfaces.pas"/>
        <DCCReference Include="Core\Spec\DPM.Core.Spec.MetaData.pas"/>
        <DCCReference Include="Core\Spec\DPM.Core.Spec.Node.pas"/>
        <DCCReference Include="Core\Spec\DPM.Core.Spec.pas"/>
        <DCCReference Include="Core\Spec\DPM.Core.Spec.Reader.pas"/>
        <DCCReference Include="Core\Spec\DPM.Core.Spec.SearchPath.pas"/>
        <DCCReference Include="Core\Spec\DPM.Core.Spec.SearchPathGroup.pas"/>
        <DCCReference Include="Core\Spec\DPM.Core.Spec.TargetPlatform.pas"/>
        <DCCReference Include="Core\Spec\DPM.Core.Spec.Template.pas"/>
        <DCCReference Include="Core\Spec\DPM.Core.Spec.TemplateBase.pas"/>
        <DCCReference Include="Core\Spec\DPM.Core.Spec.Writer.pas"/>
        <DCCReference Include="Core\Utils\DPM.Core.Utils.Config.pas"/>
        <DCCReference Include="Core\Utils\DPM.Core.Utils.Directory.pas"/>
        <DCCReference Include="Core\Utils\DPM.Core.Utils.Enum.pas"/>
        <DCCReference Include="Core\Utils\DPM.Core.Utils.Numbers.pas"/>
        <DCCReference Include="Core\Utils\DPM.Core.Utils.Path.pas"/>
        <DCCReference Include="Core\Utils\DPM.Core.Utils.Process.pas"/>
        <DCCReference Include="Core\Utils\DPM.Core.Utils.Strings.pas"/>
        <DCCReference Include="Core\Utils\DPM.Core.Utils.System.pas"/>
        <DCCReference Include="Core\Utils\DPM.Core.Utils.XML.pas"/>
        <DCCReference Include="Core\Xml\DPM.Core.MSXML.pas"/>
        <DCCReference Include="Core\Xml\DPM.Core.XML.NodeBase.pas"/>
        <DCCReference Include="Core\DPM.Core.Constants.pas"/>
        <DCCReference Include="Core\DPM.Core.Init.pas"/>
        <DCCReference Include="Core\DPM.Core.TargetPlatform.pas"/>
        <DCCReference Include="Core\DPM.Core.Types.pas"/>
        <DCCReference Include="Core\Package\DPM.Core.Package.Icon.pas"/>
        <DCCReference Include="Core\Compiler\DPM.Core.Compiler.BOM.pas"/>
        <DCCReference Include="Core\Compiler\DPM.Core.Compiler.ProjectSettings.pas"/>
        <DCCReference Include="Core\Utils\DPM.Core.Utils.Files.pas"/>
        <DCCReference Include="Core\Package\DPM.Core.Package.Installer.Interfaces.pas"/>
        <DCCReference Include="Cmdline\Commands\DPM.Console.Command.Info.pas"/>
        <DCCReference Include="Core\Options\DPM.Core.Options.Info.pas"/>
        <DCCReference Include="Core\Sources\DPM.Core.Sources.ServiceIndex.pas"/>
        <DCCReference Include="Core\Package\DPM.Core.Package.ListItem.pas"/>
        <DCCReference Include="Core\Package\DPM.Core.Package.PackageLatestVersionInfo.pas"/>
        <DCCReference Include="Core\Manifest\DPM.Core.Manifest.Interfaces.pas"/>
        <DCCReference Include="Core\Manifest\DPM.Core.Manifest.pas"/>
        <DCCReference Include="Core\Manifest\DPM.Core.Manifest.Reader.pas"/>
        <BuildConfiguration Include="Base">
            <Key>Base</Key>
        </BuildConfiguration>
        <BuildConfiguration Include="Release">
            <Key>Cfg_1</Key>
            <CfgParent>Base</CfgParent>
        </BuildConfiguration>
        <BuildConfiguration Include="Debug">
            <Key>Cfg_2</Key>
            <CfgParent>Base</CfgParent>
        </BuildConfiguration>
    </ItemGroup>
    <ProjectExtensions>
        <Borland.Personality>Delphi.Personality.12</Borland.Personality>
        <Borland.ProjectType/>
        <BorlandProject>
            <Delphi.Personality>
                <Source>
                    <Source Name="MainSource">dpm.dpr</Source>
                </Source>
                <Excluded_Packages/>
            </Delphi.Personality>
            <Platforms>
                <Platform value="Linux64">False</Platform>
                <Platform value="OSX64">False</Platform>
                <Platform value="OSXARM64">False</Platform>
                <Platform value="Win32">True</Platform>
                <Platform value="Win64">False</Platform>
            </Platforms>
        </BorlandProject>
        <ProjectFileVersion>12</ProjectFileVersion>
        <DPM>
            <PackageReference id="Spring4D.Base" platform="Win32" version="2.0.1"/>
            <PackageReference id="Spring4D.Core" platform="Win32" version="2.0.1">
                <PackageReference id="Spring4D.Base" platform="Win32" version="2.0.1" range="2.0.1"/>
            </PackageReference>
            <PackageReference id="Spring4D.Extensions" platform="Win32" version="2.0.1">
                <PackageReference id="Spring4D.Base" platform="Win32" version="2.0.1" range="2.0.1"/>
            </PackageReference>
            <PackageReference id="VSoft.AntPatterns" platform="Win32" version="0.1.7"/>
            <PackageReference id="VSoft.CancellationToken" platform="Win32" version="0.1.2"/>
            <PackageReference id="VSoft.CommandLine" platform="Win32" version="0.1.6"/>
            <PackageReference id="VSoft.HttpClient" platform="Win32" version="2.2.0">
                <PackageReference id="VSoft.CancellationToken" platform="Win32" version="0.1.2" range="0.1.2"/>
                <PackageReference id="VSoft.Uri" platform="Win32" version="0.3.2" range="0.3.2"/>
            </PackageReference>
            <PackageReference id="VSoft.JsonDataObjects" platform="Win32" version="0.3.0"/>
            <PackageReference id="VSoft.SemanticVersion" platform="Win32" version="0.2.5"/>
            <PackageReference id="VSoft.Uri" platform="Win32" version="0.3.2"/>
        </DPM>
    </ProjectExtensions>
    <Import Project="$(BDS)\Bin\CodeGear.Delphi.Targets" Condition="Exists('$(BDS)\Bin\CodeGear.Delphi.Targets')"/>
    <Import Project="$(APPDATA)\Embarcadero\$(BDSAPPDATABASEDIR)\$(PRODUCTVERSION)\UserTools.proj" Condition="Exists('$(APPDATA)\Embarcadero\$(BDSAPPDATABASEDIR)\$(PRODUCTVERSION)\UserTools.proj')"/>
    <Import Project="$(MSBuildProjectName).deployproj" Condition="Exists('$(MSBuildProjectName).deployproj')"/>
</Project>
