<Project xmlns="http://schemas.microsoft.com/developer/msbuild/2003">
    <PropertyGroup>
        <Base>True</Base>
        <AppType>Console</AppType>
        <Config Condition="'$(Config)'==''">Debug</Config>
        <FrameworkType>None</FrameworkType>
        <MainSource>dpm.dpr</MainSource>
        <Platform Condition="'$(Platform)'==''">Win32</Platform>
        <ProjectGuid>{CFBF7204-5639-4643-B895-08DDF96E0F8F}</ProjectGuid>
        <ProjectName Condition="'$(ProjectName)'==''">dpm</ProjectName>
        <ProjectVersion>20.4</ProjectVersion>
        <TargetedPlatforms>3</TargetedPlatforms>
    </PropertyGroup>
    <PropertyGroup Condition="'$(Config)'=='Base' or '$(Base)'!=''">
        <Base>true</Base>
    </PropertyGroup>
    <PropertyGroup Condition="('$(Platform)'=='Win32' and '$(Base)'=='true') or '$(Base_Win32)'!=''">
        <Base_Win32>true</Base_Win32>
        <CfgParent>Base</CfgParent>
        <Base>true</Base>
    </PropertyGroup>
    <PropertyGroup Condition="('$(Platform)'=='Win64' and '$(Base)'=='true') or '$(Base_Win64)'!=''">
        <Base_Win64>true</Base_Win64>
        <CfgParent>Base</CfgParent>
        <Base>true</Base>
    </PropertyGroup>
    <PropertyGroup Condition="'$(Config)'=='Release' or '$(Cfg_1)'!=''">
        <Cfg_1>true</Cfg_1>
        <CfgParent>Base</CfgParent>
        <Base>true</Base>
    </PropertyGroup>
    <PropertyGroup Condition="('$(Platform)'=='Win32' and '$(Cfg_1)'=='true') or '$(Cfg_1_Win32)'!=''">
        <Cfg_1_Win32>true</Cfg_1_Win32>
        <CfgParent>Cfg_1</CfgParent>
        <Cfg_1>true</Cfg_1>
        <Base>true</Base>
    </PropertyGroup>
    <PropertyGroup Condition="'$(Config)'=='Debug' or '$(Cfg_2)'!=''">
        <Cfg_2>true</Cfg_2>
        <CfgParent>Base</CfgParent>
        <Base>true</Base>
    </PropertyGroup>
    <PropertyGroup Condition="('$(Platform)'=='Win32' and '$(Cfg_2)'=='true') or '$(Cfg_2_Win32)'!=''">
        <Cfg_2_Win32>true</Cfg_2_Win32>
        <CfgParent>Cfg_2</CfgParent>
        <Cfg_2>true</Cfg_2>
        <Base>true</Base>
    </PropertyGroup>
    <PropertyGroup Condition="'$(Config)'=='JCLDEBUG' or '$(Cfg_4)'!=''">
        <Cfg_4>true</Cfg_4>
        <CfgParent>Cfg_2</CfgParent>
        <Cfg_2>true</Cfg_2>
        <Base>true</Base>
    </PropertyGroup>
    <PropertyGroup Condition="('$(Platform)'=='Win32' and '$(Cfg_4)'=='true') or '$(Cfg_4_Win32)'!=''">
        <Cfg_4_Win32>true</Cfg_4_Win32>
        <CfgParent>Cfg_4</CfgParent>
        <Cfg_4>true</Cfg_4>
        <Cfg_2>true</Cfg_2>
        <Base>true</Base>
    </PropertyGroup>
    <PropertyGroup Condition="('$(Platform)'=='Win64' and '$(Cfg_4)'=='true') or '$(Cfg_4_Win64)'!=''">
        <Cfg_4_Win64>true</Cfg_4_Win64>
        <CfgParent>Cfg_4</CfgParent>
        <Cfg_4>true</Cfg_4>
        <Cfg_2>true</Cfg_2>
        <Base>true</Base>
    </PropertyGroup>
    <PropertyGroup Condition="'$(Base)'!=''">
        <SanitizedProjectName>dpm</SanitizedProjectName>
        <DCC_ExeOutput>..\Output</DCC_ExeOutput>
        <DCC_ImageBase>00400000</DCC_ImageBase>
        <DCC_Namespace>System;Xml;Data;Datasnap;Web;Soap;Vcl;Vcl.Imaging;Vcl.Touch;Vcl.Samples;Vcl.Shell;$(DCC_Namespace)</DCC_Namespace>
        <DCC_UnitSearchPath>$(DPMSearch);$(DCC_UnitSearchPath)</DCC_UnitSearchPath>
        <Icns_MainIcns>$(BDS)\bin\delphi_PROJECTICNS.icns</Icns_MainIcns>
        <Icon_MainIcon>$(BDS)\bin\delphi_PROJECTICON.ico</Icon_MainIcon>
        <Manifest_File>$(BDS)\bin\default_app.manifest</Manifest_File>
        <VerInfo_IncludeVerInfo>true</VerInfo_IncludeVerInfo>
        <VerInfo_Keys>CompanyName=;FileDescription=;FileVersion=0.1.9.0;InternalName=;LegalCopyright= 2019 - 2020 Vincent Parrett and Contributors;LegalTrademarks=;OriginalFilename=dpm.exe;ProductName=DPM;ProductVersion=0.1.0.0;Comments=0.1.9-alpha;CFBundleName=</VerInfo_Keys>
        <VerInfo_Locale>3081</VerInfo_Locale>
        <VerInfo_MajorVer>0</VerInfo_MajorVer>
        <VerInfo_MinorVer>1</VerInfo_MinorVer>
        <VerInfo_Release>9</VerInfo_Release>
    </PropertyGroup>
    <PropertyGroup Condition="'$(Base_Win32)'!=''">
        <AppDPIAwarenessMode>none</AppDPIAwarenessMode>
        <DCC_Namespace>Winapi;System.Win;Data.Win;Datasnap.Win;Web.Win;Soap.Win;Xml.Win;Bde;$(DCC_Namespace)</DCC_Namespace>
        <DCC_UsePackage>rtl;$(DCC_UsePackage)</DCC_UsePackage>
    </PropertyGroup>
    <PropertyGroup Condition="'$(Base_Win64)'!=''">
        <AppDPIAwarenessMode>none</AppDPIAwarenessMode>
        <BT_BuildType>Debug</BT_BuildType>
        <DCC_Namespace>Winapi;System.Win;Data.Win;Datasnap.Win;Web.Win;Soap.Win;Xml.Win;$(DCC_Namespace)</DCC_Namespace>
        <VerInfo_IncludeVerInfo>false</VerInfo_IncludeVerInfo>
        <VerInfo_Keys>CompanyName=;FileDescription=$(MSBuildProjectName);FileVersion=1.0.0.0;InternalName=;LegalCopyright=;LegalTrademarks=;OriginalFilename=;ProgramID=com.embarcadero.$(MSBuildProjectName);ProductName=$(MSBuildProjectName);ProductVersion=1.0.0.0;Comments=</VerInfo_Keys>
        <VerInfo_Locale>1033</VerInfo_Locale>
    </PropertyGroup>
    <PropertyGroup Condition="'$(Cfg_1)'!=''">
        <DCC_DebugInformation>0</DCC_DebugInformation>
        <DCC_Define>RELEASE;$(DCC_Define)</DCC_Define>
        <DCC_LocalDebugSymbols>false</DCC_LocalDebugSymbols>
        <DCC_SymbolReferenceInfo>0</DCC_SymbolReferenceInfo>
    </PropertyGroup>
    <PropertyGroup Condition="'$(Cfg_1_Win32)'!=''">
        <Debugger_CWD>I:\Github\VSoftTechnologies\Indy</Debugger_CWD>
        <Debugger_HostApplication>I:\Github\DelphiPackageManager\DPM\Output\dpm.exe</Debugger_HostApplication>
        <Debugger_RunParams>pack Indy.System.dspec -o=i:\dpmfeed</Debugger_RunParams>
    </PropertyGroup>
    <PropertyGroup Condition="'$(Cfg_2)'!=''">
        <DCC_Define>DEBUG;$(DCC_Define)</DCC_Define>
        <DCC_GenerateStackFrames>true</DCC_GenerateStackFrames>
        <DCC_Optimize>false</DCC_Optimize>
    </PropertyGroup>
    <PropertyGroup Condition="'$(Cfg_2_Win32)'!=''">
        <BRCC_CompilerToUse>msrc</BRCC_CompilerToUse>
        <DCC_DebugInfoInExe>true</DCC_DebugInfoInExe>
        <DCC_MapFile>3</DCC_MapFile>
        <Debugger_CWD>i:\dpm-new</Debugger_CWD>
        <Debugger_EnvVars>DPMPACKAGECACHE=c:\temp\packagecache;$(Debugger_EnvVars)</Debugger_EnvVars>
        <Debugger_IncludeSystemVars>true</Debugger_IncludeSystemVars>
        <Debugger_RunParams>sign VSoft.YAML-delphixe5-0000101010010011-1.5.5.dpkg -provider=signotaur -endpoint=https://localhost:7575 -api-key=AQAAAA_Pv-SqjWZjO918tgRxTiXU6QTtzGtmZ7-0ebU8WrEXE= -label=MyCert -allow-untrusted -v=debug</Debugger_RunParams>
        <ILINK_MapFileType>DetailedSegments</ILINK_MapFileType>
    </PropertyGroup>
    <PropertyGroup Condition="'$(Cfg_4_Win32)'!=''">
        <DCC_Define>JCLDEBUG;$(DCC_Define)</DCC_Define>
        <Debugger_CWD>I:\Github\VSoftTechnologies\VSoft.ThreadpoolTimer</Debugger_CWD>
        <Debugger_RunParams>pack VSoft.ThreadpoolTimer.dspec -o=i:\dpm-upload</Debugger_RunParams>
    </PropertyGroup>
    <PropertyGroup Condition="'$(Cfg_4_Win64)'!=''">
        <AppDPIAwarenessMode>none</AppDPIAwarenessMode>
        <DCC_Define>JCLDEBUG;$(DCC_Define)</DCC_Define>
        <DCC_MapFile>3</DCC_MapFile>
        <ILINK_MapFileType>DetailedSegments</ILINK_MapFileType>
    </PropertyGroup>
    <PropertyGroup>
        <DPMCompiler>delphi13.0</DPMCompiler>
        <DPMCache Condition="'$(DPMCache)' == ''">$(APPDATA)\.dpm\package_cache</DPMCache>
        <DPM>$(DPMCache)\$(DPMCompiler)</DPM>
        <DPMSearch Condition="'$(Platform)'=='Win32'">$(DPM)\Spring4D.Base\2.0.2-beta.2\lib\Win32;$(DPM)\Spring4D.Core\2.0.2-beta.2\lib\Win32;$(DPM)\Spring4D.Extensions\2.0.2-beta.2\lib\Win32;$(DPM)\VSoft.AntPatterns\0.1.9\lib\Win32;$(DPM)\VSoft.Base64.Polyfill\0.1.11\lib\Win32;$(DPM)\VSoft.CancellationToken\0.1.4\lib\Win32;$(DPM)\VSoft.CommandLine\0.1.11\lib\Win32;$(DPM)\VSoft.Uri\0.3.3\lib\Win32;$(DPM)\VSoft.HttpClient\2.7.0\lib\Win32;$(DPM)\VSoft.JsonDataObjects\0.3.2\lib\Win32;$(DPM)\VSoft.SemanticVersion\0.2.8\lib\Win32;$(DPM)\VSoft.System.Console\1.2.2\lib\Win32;$(DPM)\VSoft.YAML\1.7.0\lib\Win32;</DPMSearch>
        <DPMSearch Condition="'$(Platform)'=='Win64'">$(DPM)\Spring4D.Base\2.0.2-beta.2\lib\Win64;$(DPM)\Spring4D.Core\2.0.2-beta.2\lib\Win64;$(DPM)\Spring4D.Extensions\2.0.2-beta.2\lib\Win64;$(DPM)\VSoft.AntPatterns\0.1.9\lib\Win64;$(DPM)\VSoft.Base64.Polyfill\0.1.11\lib\Win64;$(DPM)\VSoft.CancellationToken\0.1.4\lib\Win64;$(DPM)\VSoft.CommandLine\0.1.11\lib\Win64;$(DPM)\VSoft.Uri\0.3.3\lib\Win64;$(DPM)\VSoft.HttpClient\2.7.0\lib\Win64;$(DPM)\VSoft.JsonDataObjects\0.3.2\lib\Win64;$(DPM)\VSoft.SemanticVersion\0.2.8\lib\Win64;$(DPM)\VSoft.System.Console\1.2.2\lib\Win64;$(DPM)\VSoft.YAML\1.7.0\lib\Win64;</DPMSearch>
    </PropertyGroup>
    <ItemGroup>
        <DelphiCompile Include="$(MainSource)">
            <MainSource>MainSource</MainSource>
        </DelphiCompile>
        <DCCReference Include="Cmdline\DPM.Console.Types.pas"/>
        <DCCReference Include="Cmdline\DPM.Console.Reg.pas"/>
        <DCCReference Include="Cmdline\DPM.Console.Application.pas"/>
        <DCCReference Include="Cmdline\DPM.Console.Banner.pas"/>
        <DCCReference Include="Cmdline\Options\DPM.Console.Options.pas"/>
        <DCCReference Include="Cmdline\Options\DPM.Console.Options.Reg.pas"/>
        <DCCReference Include="Cmdline\Writer\DPM.Console.Writer.pas"/>
        <DCCReference Include="Cmdline\Writer\DPM.Console.Writer.Windows.pas"/>
        <DCCReference Include="Cmdline\DPM.Console.ExitCodes.pas"/>
        <DCCReference Include="Cmdline\Logging\DPM.Console.Logger.pas"/>
        <DCCReference Include="Core\Cache\DPM.Core.Cache.Interfaces.pas"/>
        <DCCReference Include="Core\Cache\DPM.Core.Cache.pas"/>
        <DCCReference Include="Core\Compiler\DPM.Core.Compiler.EnvironmentProvider.pas"/>
        <DCCReference Include="Core\Compiler\DPM.Core.Compiler.Factory.pas"/>
        <DCCReference Include="Core\Compiler\DPM.Core.Compiler.Interfaces.pas"/>
        <DCCReference Include="Core\Compiler\DPM.Core.Compiler.MSBuild.pas"/>
        <DCCReference Include="Core\Configuration\DPM.Core.Configuration.Classes.pas"/>
        <DCCReference Include="Core\Configuration\DPM.Core.Configuration.Interfaces.pas"/>
        <DCCReference Include="Core\Configuration\DPM.Core.Configuration.Manager.pas"/>
        <DCCReference Include="Core\Dependency\DPM.Core.Dependency.Context.pas"/>
        <DCCReference Include="Core\Dependency\DPM.Core.Dependency.Reference.pas"/>
        <DCCReference Include="Core\Dependency\DPM.Core.Dependency.Interfaces.pas"/>
        <DCCReference Include="Core\Dependency\DPM.Core.Dependency.Resolution.pas"/>
        <DCCReference Include="Core\Dependency\DPM.Core.Dependency.Resolver.pas"/>
        <DCCReference Include="Core\Dependency\DPM.Core.Dependency.Version.pas"/>
        <DCCReference Include="Core\Logging\DPM.Core.Logging.pas"/>
        <DCCReference Include="Core\Options\DPM.Core.Options.Base.pas"/>
        <DCCReference Include="Core\Options\DPM.Core.Options.Common.pas"/>
        <DCCReference Include="Core\Options\DPM.Core.Options.Config.pas"/>
        <DCCReference Include="Core\Options\DPM.Core.Options.Install.pas"/>
        <DCCReference Include="Core\Options\DPM.Core.Options.List.pas"/>
        <DCCReference Include="Core\Options\DPM.Core.Options.Pack.pas"/>
        <DCCReference Include="Core\Options\DPM.Core.Options.Prepare.pas"/>
        <DCCReference Include="Core\Options\DPM.Core.Options.Push.pas"/>
        <DCCReference Include="Core\Options\DPM.Core.Options.Restore.pas"/>
        <DCCReference Include="Core\Options\DPM.Core.Options.Search.pas"/>
        <DCCReference Include="Core\Options\DPM.Core.Options.Sources.pas"/>
        <DCCReference Include="Core\Options\DPM.Core.Options.Spec.pas"/>
        <DCCReference Include="Core\Options\DPM.Core.Options.UnInstall.pas"/>
        <DCCReference Include="Core\Options\DPM.Core.Options.Why.pas"/>
        <DCCReference Include="Core\Package\DPM.Core.Package.Dependency.pas"/>
        <DCCReference Include="Core\Package\DPM.Core.Package.Installer.pas"/>
        <DCCReference Include="Core\Package\DPM.Core.Package.InstallerContext.pas"/>
        <DCCReference Include="Core\Package\DPM.Core.Package.Interfaces.pas"/>
        <DCCReference Include="Core\Package\DPM.Core.Package.Classes.pas"/>
        <DCCReference Include="Core\Package\DPM.Core.Package.SearchResults.pas"/>
        <DCCReference Include="Core\Packaging\DPM.Core.Packaging.Archive.pas"/>
        <DCCReference Include="Core\Packaging\DPM.Core.Packaging.Archive.Reader.pas"/>
        <DCCReference Include="Core\Packaging\DPM.Core.Packaging.Archive.Writer.pas"/>
        <DCCReference Include="Core\Packaging\DPM.Core.Packaging.IdValidator.pas"/>
        <DCCReference Include="Core\Packaging\DPM.Core.Packaging.pas"/>
        <DCCReference Include="Core\Packaging\DPM.Core.Packaging.Writer.pas"/>
        <DCCReference Include="Core\Project\DPM.Core.Project.Configuration.pas"/>
        <DCCReference Include="Core\Project\DPM.Core.Project.Editor.pas"/>
        <DCCReference Include="Core\Project\DPM.Core.Project.GroupProjReader.pas"/>
        <DCCReference Include="Core\Project\DPM.Core.Project.Interfaces.pas"/>
        <DCCReference Include="Core\Project\DPM.Core.Project.Prepare.pas"/>
        <DCCReference Include="Core\Project\DPM.Core.Project.Prepare.Templates.pas"/>
        <DCCReference Include="Core\Project\DPM.Core.Project.Transformer.pas"/>
        <DCCReference Include="Core\Repository\DPM.Core.Repository.Base.pas"/>
        <DCCReference Include="Core\Repository\DPM.Core.Repository.Directory.pas"/>
        <DCCReference Include="Core\Repository\DPM.Core.Repository.Factory.pas"/>
        <DCCReference Include="Core\Repository\DPM.Core.Repository.Http.pas"/>
        <DCCReference Include="Core\Repository\DPM.Core.Repository.Interfaces.pas"/>
        <DCCReference Include="Core\Repository\DPM.Core.Repository.Manager.pas"/>
        <DCCReference Include="Core\Sources\DPM.Core.Sources.Interfaces.pas"/>
        <DCCReference Include="Core\Sources\DPM.Core.Sources.Manager.pas"/>
        <DCCReference Include="Core\Sources\DPM.Core.Sources.Types.pas"/>
        <DCCReference Include="Core\Spec\DPM.Core.Spec.DesignEntry.pas"/>
        <DCCReference Include="Core\Spec\DPM.Core.Spec.BuildEntry.pas"/>
        <DCCReference Include="Core\Spec\DPM.Core.Spec.Dependency.pas"/>
        <DCCReference Include="Core\Spec\DPM.Core.Spec.SourceEntry.pas"/>
        <DCCReference Include="Core\Spec\DPM.Core.Spec.Interfaces.pas"/>
        <DCCReference Include="Core\Spec\DPM.Core.Spec.MetaData.pas"/>
        <DCCReference Include="Core\Spec\DPM.Core.Spec.Node.pas"/>
        <DCCReference Include="Core\Spec\DPM.Core.Spec.pas"/>
        <DCCReference Include="Core\Spec\DPM.Core.Spec.Reader.pas"/>
        <DCCReference Include="Core\Spec\DPM.Core.Spec.TargetPlatform.pas"/>
        <DCCReference Include="Core\Utils\DPM.Core.Utils.Config.pas"/>
        <DCCReference Include="Core\Utils\DPM.Core.Utils.Directory.pas"/>
        <DCCReference Include="Core\Utils\DPM.Core.Utils.Enum.pas"/>
        <DCCReference Include="Core\Utils\DPM.Core.Utils.Numbers.pas"/>
        <DCCReference Include="Core\Utils\DPM.Core.Utils.Path.pas"/>
        <DCCReference Include="Core\Utils\DPM.Core.Utils.Process.pas"/>
        <DCCReference Include="Core\Utils\DPM.Core.Utils.Strings.pas"/>
        <DCCReference Include="Core\Utils\DPM.Core.Utils.System.pas"/>
        <DCCReference Include="Core\Utils\DPM.Core.Utils.XML.pas"/>
        <DCCReference Include="Core\Xml\DPM.Core.MSXML.pas"/>
        <DCCReference Include="Core\Xml\DPM.Core.XML.NodeBase.pas"/>
        <DCCReference Include="Core\DPM.Core.Constants.pas"/>
        <DCCReference Include="Core\DPM.Core.Init.pas"/>
        <DCCReference Include="Core\DPM.Core.TargetPlatform.pas"/>
        <DCCReference Include="Core\DPM.Core.Types.pas"/>
        <DCCReference Include="Core\Package\DPM.Core.Package.Icon.pas"/>
        <DCCReference Include="Core\Compiler\DPM.Core.Compiler.BOM.pas"/>
        <DCCReference Include="Core\Compiler\DPM.Core.Compiler.ProjectSettings.pas"/>
        <DCCReference Include="Core\Utils\DPM.Core.Utils.Files.pas"/>
        <DCCReference Include="Core\Package\DPM.Core.Package.Installer.Interfaces.pas"/>
        <DCCReference Include="Core\Options\DPM.Core.Options.Info.pas"/>
        <DCCReference Include="Core\Sources\DPM.Core.Sources.ServiceIndex.pas"/>
        <DCCReference Include="Core\Package\DPM.Core.Package.ListItem.pas"/>
        <DCCReference Include="Core\Package\DPM.Core.Package.PackageLatestVersionInfo.pas"/>
        <DCCReference Include="Core\Utils\DPM.Core.Utils.Hash.pas"/>
        <DCCReference Include="Core\Utils\DPM.Core.Utils.DateTime.pas"/>
        <DCCReference Include="Core\Utils\DPM.Core.Utils.Base64Url.pas"/>
        <DCCReference Include="Core\Spec\DPM.Core.Spec.Template.pas"/>
        <DCCReference Include="Core\Utils\DPM.Core.Utils.Masks.pas"/>
        <DCCReference Include="Cmdline\DPM.Console.Prompts.pas"/>
        <DCCReference Include="Core\Sbom\DPM.Core.SBOM.Generator.pas"/>
        <DCCReference Include="Core\Sbom\DPM.Core.SBOM.Interfaces.pas"/>
        <DCCReference Include="Core\Sbom\DPM.Core.SBOM.Types.pas"/>
        <DCCReference Include="Core\Sbom\DPM.Core.SBOM.Writers.pas"/>
        <DCCReference Include="Core\Project\DPM.Core.Project.MapFile.pas"/>
        <DCCReference Include="Core\Options\DPM.Core.Options.Sbom.pas"/>
        <DCCReference Include="Core\Project\DPM.Core.Project.SearchPaths.pas"/>
        <DCCReference Include="Core\Sbom\DPM.Core.SBOM.Writers.Reports.pas"/>
        <DCCReference Include="Core\Sbom\DPM.Core.SBOM.Reader.pas"/>
        <DCCReference Include="Core\Vuln\DPM.Core.Vuln.Types.pas"/>
        <DCCReference Include="Core\Vuln\DPM.Core.Vuln.Interfaces.pas"/>
        <DCCReference Include="Core\Vuln\DPM.Core.Vuln.Cache.pas"/>
        <DCCReference Include="Core\Vuln\DPM.Core.Vuln.OSV.pas"/>
        <DCCReference Include="Core\Vuln\DPM.Core.Vuln.Scanner.pas"/>
        <DCCReference Include="Core\Vuln\DPM.Core.Vuln.Writer.CycloneDX.pas"/>
        <DCCReference Include="Core\Options\DPM.Core.Options.Scan.pas"/>
        <DCCReference Include="Core\Crypto\DPM.Core.Crypto.Algorithms.pas"/>
        <DCCReference Include="Core\Crypto\DPM.Core.Crypto.Cms.Interfaces.pas"/>
        <DCCReference Include="Core\Crypto\DPM.Core.Crypto.Cms.pas"/>
        <DCCReference Include="Core\Crypto\DPM.Core.Crypto.Hashing.Interfaces.pas"/>
        <DCCReference Include="Core\Crypto\DPM.Core.Crypto.Hashing.pas"/>
        <DCCReference Include="Core\Crypto\DPM.Core.Crypto.Provider.Interfaces.pas"/>
        <DCCReference Include="Core\Crypto\DPM.Core.Crypto.Provider.pas"/>
        <DCCReference Include="Core\Crypto\DPM.Core.Crypto.Provider.Azure.pas"/>
        <DCCReference Include="Core\Crypto\DPM.Core.Crypto.Provider.Signotaur.pas"/>
        <DCCReference Include="Core\Crypto\DPM.Core.Crypto.Provider.Factory.pas"/>
        <DCCReference Include="Core\Crypto\DPM.Core.Crypto.Timestamping.pas"/>
        <DCCReference Include="Core\Crypto\DPM.Core.Crypto.Win32.pas"/>
        <DCCReference Include="Core\Crypto\DPM.Core.Crypto.X509.Interfaces.pas"/>
        <DCCReference Include="Core\Crypto\DPM.Core.Crypto.X509.pas"/>
        <DCCReference Include="Core\Trust\DPM.Core.Trust.Interfaces.pas"/>
        <DCCReference Include="Core\Trust\DPM.Core.Trust.Policy.pas"/>
        <DCCReference Include="Core\Trust\DPM.Core.Trust.State.pas"/>
        <DCCReference Include="Core\Trust\DPM.Core.Trust.TrustSet.pas"/>
        <DCCReference Include="Core\Trust\DPM.Core.Trust.Prompt.pas"/>
        <DCCReference Include="Cmdline\DPM.Console.Trust.Prompt.pas"/>
        <DCCReference Include="Core\Package\Signing\DPM.Core.Package.Archive.pas"/>
        <DCCReference Include="Core\Package\Signing\DPM.Core.Package.Cache.Receipt.pas"/>
        <DCCReference Include="Core\Package\Signing\DPM.Core.Package.Manifest.Interfaces.pas"/>
        <DCCReference Include="Core\Package\Signing\DPM.Core.Package.Manifest.pas"/>
        <DCCReference Include="Core\Package\Signing\DPM.Core.Package.Signing.Interfaces.pas"/>
        <DCCReference Include="Core\Package\Signing\DPM.Core.Package.Signing.pas"/>
        <DCCReference Include="Cmdline\Commands\DPM.Console.Command.Add.pas"/>
        <DCCReference Include="Cmdline\Commands\DPM.Console.Command.Base.pas"/>
        <DCCReference Include="Cmdline\Commands\DPM.Console.Command.Delete.pas"/>
        <DCCReference Include="Cmdline\Commands\DPM.Console.Command.Install.pas"/>
        <DCCReference Include="Cmdline\Commands\DPM.Console.Command.pas"/>
        <DCCReference Include="Cmdline\Commands\DPM.Console.Command.Push.pas"/>
        <DCCReference Include="Cmdline\Commands\DPM.Console.Command.Restore.pas"/>
        <DCCReference Include="Cmdline\Commands\DPM.Console.Command.Uninstall.pas"/>
        <DCCReference Include="Cmdline\Commands\DPM.Console.Command.Pack.pas"/>
        <DCCReference Include="Cmdline\Commands\DPM.Console.Command.Prepare.pas"/>
        <DCCReference Include="Cmdline\Commands\DPM.Console.Command.Update.pas"/>
        <DCCReference Include="Cmdline\Commands\DPM.Console.Command.Config.pas"/>
        <DCCReference Include="Cmdline\Commands\DPM.Console.Command.SetApiKey.pas"/>
        <DCCReference Include="Cmdline\Commands\DPM.Console.Command.Factory.pas"/>
        <DCCReference Include="Cmdline\Commands\DPM.Console.Command.Sources.pas"/>
        <DCCReference Include="Cmdline\Commands\DPM.Console.Command.List.pas"/>
        <DCCReference Include="Cmdline\Commands\DPM.Console.Command.Spec.Discovery.pas"/>
        <DCCReference Include="Cmdline\Commands\DPM.Console.Command.ExitCodes.pas"/>
        <DCCReference Include="Cmdline\Commands\DPM.Console.Command.Help.pas"/>
        <DCCReference Include="Cmdline\Commands\DPM.Console.Command.Info.pas"/>
        <DCCReference Include="Cmdline\Commands\DPM.Console.Command.Spec.pas"/>
        <DCCReference Include="Cmdline\Commands\DPM.Console.Command.Spec.Writer.pas"/>
        <DCCReference Include="Cmdline\Commands\DPM.Console.Command.Why.pas"/>
        <DCCReference Include="Cmdline\Commands\DPM.Console.Command.Sbom.pas"/>
        <DCCReference Include="Cmdline\Commands\DPM.Console.Command.Scan.pas"/>
        <DCCReference Include="Core\Options\DPM.Core.Options.Cache.pas"/>
        <DCCReference Include="Core\Options\DPM.Core.Options.Trust.pas"/>
        <DCCReference Include="Core\Options\DPM.Core.Options.Verify.pas"/>
        <DCCReference Include="Core\Options\DPM.Core.Options.Sign.pas"/>
        <DCCReference Include="Cmdline\Commands\DPM.Console.Command.Cache.pas"/>
        <DCCReference Include="Cmdline\Commands\DPM.Console.Command.Trust.pas"/>
        <DCCReference Include="Cmdline\Commands\DPM.Console.Command.Verify.pas"/>
        <DCCReference Include="Cmdline\Commands\DPM.Console.Command.Sign.pas"/>
        <BuildConfiguration Include="Base">
            <Key>Base</Key>
        </BuildConfiguration>
        <BuildConfiguration Include="Release">
            <Key>Cfg_1</Key>
            <CfgParent>Base</CfgParent>
        </BuildConfiguration>
        <BuildConfiguration Include="Debug">
            <Key>Cfg_2</Key>
            <CfgParent>Base</CfgParent>
        </BuildConfiguration>
        <BuildConfiguration Include="JCLDEBUG">
            <Key>Cfg_4</Key>
            <CfgParent>Cfg_2</CfgParent>
        </BuildConfiguration>
    </ItemGroup>
    <ProjectExtensions>
        <Borland.Personality>Delphi.Personality.12</Borland.Personality>
        <Borland.ProjectType/>
        <BorlandProject>
            <Delphi.Personality>
                <Source>
                    <Source Name="MainSource">dpm.dpr</Source>
                </Source>
                <Excluded_Packages/>
            </Delphi.Personality>
            <Platforms>
                <Platform value="Linux64">False</Platform>
                <Platform value="OSX64">False</Platform>
                <Platform value="OSXARM64">False</Platform>
                <Platform value="Win32">True</Platform>
                <Platform value="Win64">True</Platform>
            </Platforms>
        </BorlandProject>
        <ProjectFileVersion>12</ProjectFileVersion>
        <DPM>
            <Packages>
                <PackageReference id="Spring4D.Base" version="2.0.2-beta.2" manifestHash="sha256:94602965222cb35ac7a31a6a8a1c4e9cc844bda04c7e7993165a42fce9721ff4"/>
                <PackageReference id="Spring4D.Core" version="2.0.2-beta.2" manifestHash="sha256:5e8152e9876685ce8e38580a9a08c881200185218ce6cd2b4d5eff1d7edf9495">
                    <PackageReference id="Spring4D.Base" version="2.0.2-beta.2" range="2.0.2-beta.2"/>
                </PackageReference>
                <PackageReference id="Spring4D.Extensions" version="2.0.2-beta.2" manifestHash="sha256:726d17d8054a4a84d6a2c1af85d065b5a5bc6f456569e20d0066628cdb62a205">
                    <PackageReference id="Spring4D.Base" version="2.0.2-beta.2" range="2.0.2-beta.2"/>
                </PackageReference>
                <PackageReference id="VSoft.AntPatterns" version="0.1.9" manifestHash="sha256:bd3e82f2163f9e8dea0213505838a677b23e417f3d822308bb1f8abf80238f43"/>
                <PackageReference id="VSoft.Base64.Polyfill" version="0.1.11" manifestHash="sha256:bf9a2cba8eda998ee7b71606e08859ab879ff6dd14491e98baf91ecdf372d29c"/>
                <PackageReference id="VSoft.CancellationToken" version="0.1.4" manifestHash="sha256:72dac079a37643e38d534975ef3c27efbdcc45d5310e97fec2e1de072aa1721e"/>
                <PackageReference id="VSoft.CommandLine" version="0.1.11" manifestHash="sha256:33f0b0ea18936160b98a676501c6cdaea61921806c22a19efb23c97a3ed41558"/>
                <PackageReference id="VSoft.HttpClient" version="2.7.0" manifestHash="sha256:ad272a3f63c64c9bdbf13f7259ee268229ef5e646def9b41f1c044b1db3beacc">
                    <PackageReference id="VSoft.CancellationToken" version="0.1.4" range="[0.1.4,]"/>
                    <PackageReference id="VSoft.Uri" version="0.3.3" range="[0.3.3,]"/>
                </PackageReference>
                <PackageReference id="VSoft.JsonDataObjects" version="0.3.2" manifestHash="sha256:28d227b3a7f0baeee16fab98b5844328745b65574f5c23262e1f8e1d8b50a201"/>
                <PackageReference id="VSoft.SemanticVersion" version="0.2.8" manifestHash="sha256:c5a26da3c2e1199089b7de00c0d8e2c9a82a3d32812c53aaf0969a93fa053b87"/>
                <PackageReference id="VSoft.System.Console" version="1.2.2" manifestHash="sha256:15bc451deb1766b0bc4c1263e04fcdc3cb0a6cb7250ba9516e4d893e224e8a8f"/>
                <PackageReference id="VSoft.Uri" version="0.3.3" manifestHash="sha256:c525f2b0db2cbd852031dc85e56f4fd5ec660e453ac1fcd3a4e815b2ed8c1417"/>
                <PackageReference id="VSoft.YAML" version="1.7.0" manifestHash="sha256:2695115344718b4058e7f70d51a2c41aeadf7c5486b90dff82a27de0aecb8a13"/>
            </Packages>
        </DPM>
    </ProjectExtensions>
    <Import Project="$(BDS)\Bin\CodeGear.Delphi.Targets" Condition="Exists('$(BDS)\Bin\CodeGear.Delphi.Targets')"/>
    <Import Project="$(APPDATA)\Embarcadero\$(BDSAPPDATABASEDIR)\$(PRODUCTVERSION)\UserTools.proj" Condition="Exists('$(APPDATA)\Embarcadero\$(BDSAPPDATABASEDIR)\$(PRODUCTVERSION)\UserTools.proj')"/>
    <Import Project="$(MSBuildProjectName).deployproj" Condition="Exists('$(MSBuildProjectName).deployproj')"/>
</Project>
