<Project xmlns="http://schemas.microsoft.com/developer/msbuild/2003">
    <PropertyGroup>
        <ProjectGuid>{F777FD5E-96A6-4EEE-88CC-1C098D4E9766}</ProjectGuid>
        <MainSource>DPM.IDE.XE3.dpr</MainSource>
        <Base>True</Base>
        <Config Condition="'$(Config)'==''">Debug</Config>
        <TargetedPlatforms>1</TargetedPlatforms>
        <AppType>Library</AppType>
        <FrameworkType>None</FrameworkType>
        <ProjectVersion>14.4</ProjectVersion>
        <Platform Condition="'$(Platform)'==''">Win32</Platform>
    </PropertyGroup>
    <PropertyGroup>
        <DPMCompiler>XE3</DPMCompiler>
        <DPMCache Condition="'$(DPMCache)' == ''">$(APPDATA)\.dpm\packages</DPMCache>
        <DPM>$(DPMCache)\$(DPMCompiler)\$(Platform)</DPM>
        <DPMSearch Condition="'$(Platform)'=='Win32'">$(DPM)\VSoft.VirtualListView\0.3.0-rc6\lib;$(DPM)\VSoft.Uri\0.1.0\lib;$(DPM)\VSoft.SemanticVersion\0.2.0\lib;$(DPM)\VSoft.JsonDataObjects\0.1.0\lib;$(DPM)\VSoft.HttpClient\0.1.0\lib;$(DPM)\VSoft.CancellationToken\0.0.2\lib;$(DPM)\Gabr42.OmniThreadLibrary\3.7.8\lib;$(DPM)\VSoft.Awaitable\0.2.0\lib;$(DPM)\VSoft.AntPatterns\0.1.0\lib;$(DPM)\Spring4D.Extensions\2.0.0-dev5\lib;$(DPM)\Spring4D.Base\2.0.0-dev5\lib;$(DPM)\Spring4D.Core\2.0.0-dev5\lib;</DPMSearch>
    </PropertyGroup>
    <PropertyGroup Condition="'$(Config)'=='Base' or '$(Base)'!=''">
        <Base>true</Base>
    </PropertyGroup>
    <PropertyGroup Condition="('$(Platform)'=='OSX32' and '$(Base)'=='true') or '$(Base_OSX32)'!=''">
        <Base_OSX32>true</Base_OSX32>
        <CfgParent>Base</CfgParent>
        <Base>true</Base>
    </PropertyGroup>
    <PropertyGroup Condition="('$(Platform)'=='Win32' and '$(Base)'=='true') or '$(Base_Win32)'!=''">
        <Base_Win32>true</Base_Win32>
        <CfgParent>Base</CfgParent>
        <Base>true</Base>
    </PropertyGroup>
    <PropertyGroup Condition="('$(Platform)'=='Win64' and '$(Base)'=='true') or '$(Base_Win64)'!=''">
        <Base_Win64>true</Base_Win64>
        <CfgParent>Base</CfgParent>
        <Base>true</Base>
    </PropertyGroup>
    <PropertyGroup Condition="'$(Config)'=='Release' or '$(Cfg_1)'!=''">
        <Cfg_1>true</Cfg_1>
        <CfgParent>Base</CfgParent>
        <Base>true</Base>
    </PropertyGroup>
    <PropertyGroup Condition="'$(Config)'=='Debug' or '$(Cfg_2)'!=''">
        <Cfg_2>true</Cfg_2>
        <CfgParent>Base</CfgParent>
        <Base>true</Base>
    </PropertyGroup>
    <PropertyGroup Condition="('$(Platform)'=='OSX32' and '$(Cfg_2)'=='true') or '$(Cfg_2_OSX32)'!=''">
        <Cfg_2_OSX32>true</Cfg_2_OSX32>
        <CfgParent>Cfg_2</CfgParent>
        <Cfg_2>true</Cfg_2>
        <Base>true</Base>
    </PropertyGroup>
    <PropertyGroup Condition="('$(Platform)'=='Win32' and '$(Cfg_2)'=='true') or '$(Cfg_2_Win32)'!=''">
        <Cfg_2_Win32>true</Cfg_2_Win32>
        <CfgParent>Cfg_2</CfgParent>
        <Cfg_2>true</Cfg_2>
        <Base>true</Base>
    </PropertyGroup>
    <PropertyGroup Condition="'$(Base)'!=''">
        <DCC_ExeOutput>..\Output</DCC_ExeOutput>
        <Manifest_File>None</Manifest_File>
        <DCC_UsePackage>designide;rtl;vcl;$(DCC_UsePackage)</DCC_UsePackage>
        <UsePackages>true</UsePackages>
        <VerInfo_Locale>3081</VerInfo_Locale>
        <DCC_E>false</DCC_E>
        <VerInfo_Keys>CompanyName=;FileDescription=;FileVersion=1.0.0.0;InternalName=;LegalCopyright=;LegalTrademarks=;OriginalFilename=;ProductName=;ProductVersion=1.0.0.0;Comments=</VerInfo_Keys>
        <DCC_Namespace>System;Xml;Data;Datasnap;Web;Soap;Winapi;$(DCC_Namespace)</DCC_Namespace>
        <DCC_ImageBase>00400000</DCC_ImageBase>
        <DCC_S>false</DCC_S>
        <GenDll>true</GenDll>
        <DCC_N>false</DCC_N>
        <DCC_F>false</DCC_F>
        <DCC_K>false</DCC_K>
        <DCC_UnitSearchPath>$(DPMSearch);$(DCC_UnitSearchPath)</DCC_UnitSearchPath>
    </PropertyGroup>
    <PropertyGroup Condition="'$(Base_OSX32)'!=''">
        <Icns_MainIcns>$(BDS)\bin\delphi_PROJECTICNS.icns</Icns_MainIcns>
    </PropertyGroup>
    <PropertyGroup Condition="'$(Base_Win32)'!=''">
        <VerInfo_IncludeVerInfo>true</VerInfo_IncludeVerInfo>
        <DCC_Namespace>System.Win;Data.Win;Datasnap.Win;Web.Win;Soap.Win;Xml.Win;Bde;$(DCC_Namespace)</DCC_Namespace>
        <VerInfo_Keys>CompanyName=;FileDescription=;FileVersion=1.0.0.0;InternalName=;LegalCopyright=;LegalTrademarks=;OriginalFilename=;ProductName=;ProductVersion=1.0.0.0;Comments=</VerInfo_Keys>
        <VerInfo_Locale>1033</VerInfo_Locale>
        <Manifest_File>$(BDS)\bin\default_app.manifest</Manifest_File>
    </PropertyGroup>
    <PropertyGroup Condition="'$(Base_Win64)'!=''">
        <Manifest_File>$(BDS)\bin\default_app.manifest</Manifest_File>
    </PropertyGroup>
    <PropertyGroup Condition="'$(Cfg_1)'!=''">
        <DCC_LocalDebugSymbols>false</DCC_LocalDebugSymbols>
        <DCC_DebugInformation>false</DCC_DebugInformation>
        <DCC_SymbolReferenceInfo>0</DCC_SymbolReferenceInfo>
        <DCC_Define>RELEASE;$(DCC_Define)</DCC_Define>
    </PropertyGroup>
    <PropertyGroup Condition="'$(Cfg_2)'!=''">
        <DCC_Define>DEBUG;$(DCC_Define)</DCC_Define>
        <DCC_Optimize>false</DCC_Optimize>
        <DCC_GenerateStackFrames>true</DCC_GenerateStackFrames>
    </PropertyGroup>
    <PropertyGroup Condition="'$(Cfg_2_OSX32)'!=''">
        <Icns_MainIcns>$(BDS)\bin\delphi_PROJECTICNS.icns</Icns_MainIcns>
    </PropertyGroup>
    <PropertyGroup Condition="'$(Cfg_2_Win32)'!=''">
        <Debugger_RunParams>-rDPMTesting</Debugger_RunParams>
        <Debugger_HostApplication>E:\Emb\Studio\10.0\bin\bds.exe</Debugger_HostApplication>
        <Manifest_File>$(BDS)\bin\default_app.manifest</Manifest_File>
        <VerInfo_IncludeVerInfo>true</VerInfo_IncludeVerInfo>
        <VerInfo_Locale>1033</VerInfo_Locale>
    </PropertyGroup>
    <ItemGroup>
        <DelphiCompile Include="$(MainSource)">
            <MainSource>MainSource</MainSource>
        </DelphiCompile>
        <DCCReference Include="IDE\DPM.IDE.Main.pas"/>
        <DCCReference Include="IDE\DPM.IDE.Wizard.pas"/>
        <DCCReference Include="IDE\DPM.IDE.ProjectStorageNotifier.pas"/>
        <DCCReference Include="IDE\DPM.IDE.IDENotifier.pas"/>
        <DCCReference Include="IDE\DPM.IDE.ProjectMenu.pas"/>
        <DCCReference Include="IDE\DPM.IDE.Constants.pas"/>
        <DCCReference Include="IDE\DPM.IDE.AddInOptions.pas"/>
        <DCCReference Include="IDE\DPM.IDE.AddInOptionsFrame.pas">
            <Form>DPMOptionsFrame</Form>
            <FormType>dfm</FormType>
            <DesignClass>TFrame</DesignClass>
        </DCCReference>
        <DCCReference Include="Controls\DPM.Controls.ButtonedEdit.pas"/>
        <DCCReference Include="Controls\DPM.Controls.AutoComplete.pas"/>
        <DCCReference Include="IDE\DPM.IDE.AboutForm.pas">
            <Form>DPMAboutForm</Form>
            <FormType>dfm</FormType>
        </DCCReference>
        <DCCReference Include="IDE\DPM.IDE.Types.pas"/>
        <DCCReference Include="Controls\DPM.Controls.GroupButton.pas"/>
        <DCCReference Include="IDE\DPM.IDE.AddInOptionsHostForm.pas">
            <Form>DPMOptionsHostForm</Form>
            <FormType>dfm</FormType>
        </DCCReference>
        <DCCReference Include="IDE\DPM.IDE.IconCache.pas"/>
        <DCCReference Include="IDE\DPM.IDE.VSTProxy.pas"/>
        <DCCReference Include="IDE\DPM.IDE.ProjectTreeManager.pas"/>
        <DCCReference Include="IDE\DPM.IDE.Utils.pas"/>
        <DCCReference Include="IDE\DPM.IDE.ProjectTree.Containers.pas"/>
        <DCCReference Include="SVG\SVGParse.pas"/>
        <DCCReference Include="SVG\SVG.pas"/>
        <DCCReference Include="SVG\SVGBase64.pas"/>
        <DCCReference Include="SVG\SVGStyle.pas"/>
        <DCCReference Include="SVG\SVGCommon.pas"/>
        <DCCReference Include="SVG\SVGTypes.pas"/>
        <DCCReference Include="SVG\SVGPath.pas"/>
        <DCCReference Include="SVG\SVGInterfaces.pas"/>
        <DCCReference Include="SVG\XmlLite.pas"/>
        <DCCReference Include="SVG\SVGPaint.pas"/>
        <DCCReference Include="SVG\PasSVGFactory.pas"/>
        <DCCReference Include="SVG\GDIPKerning.pas"/>
        <DCCReference Include="SVG\GDIPOBJ2.pas"/>
        <DCCReference Include="SVG\GDIPPathText.pas"/>
        <DCCReference Include="SVG\SVGColor.pas"/>
        <DCCReference Include="SVG\SVGGraphic.pas"/>
        <DCCReference Include="Core\Cache\DPM.Core.Cache.Interfaces.pas"/>
        <DCCReference Include="Core\Cache\DPM.Core.Cache.pas"/>
        <DCCReference Include="Core\Compiler\DPM.Core.Compiler.EnvironmentProvider.pas"/>
        <DCCReference Include="Core\Compiler\DPM.Core.Compiler.Factory.pas"/>
        <DCCReference Include="Core\Compiler\DPM.Core.Compiler.Interfaces.pas"/>
        <DCCReference Include="Core\Compiler\DPM.Core.Compiler.MSBuild.pas"/>
        <DCCReference Include="Core\Configuration\DPM.Core.Configuration.Classes.pas"/>
        <DCCReference Include="Core\Configuration\DPM.Core.Configuration.Interfaces.pas"/>
        <DCCReference Include="Core\Configuration\DPM.Core.Configuration.Manager.pas"/>
        <DCCReference Include="Core\Dependency\DPM.Core.Dependency.Context.pas"/>
        <DCCReference Include="Core\Dependency\DPM.Core.Dependency.Graph.pas"/>
        <DCCReference Include="Core\Dependency\DPM.Core.Dependency.Interfaces.pas"/>
        <DCCReference Include="Core\Dependency\DPM.Core.Dependency.LockFile.pas"/>
        <DCCReference Include="Core\Dependency\DPM.Core.Dependency.Resolution.pas"/>
        <DCCReference Include="Core\Dependency\DPM.Core.Dependency.Resolver.pas"/>
        <DCCReference Include="Core\Dependency\DPM.Core.Dependency.Version.pas"/>
        <DCCReference Include="Core\Logging\DPM.Core.Logging.pas"/>
        <DCCReference Include="Core\Options\DPM.Core.Options.Base.pas"/>
        <DCCReference Include="Core\Options\DPM.Core.Options.Cache.pas"/>
        <DCCReference Include="Core\Options\DPM.Core.Options.Common.pas"/>
        <DCCReference Include="Core\Options\DPM.Core.Options.Config.pas"/>
        <DCCReference Include="Core\Options\DPM.Core.Options.Feed.pas"/>
        <DCCReference Include="Core\Options\DPM.Core.Options.Install.pas"/>
        <DCCReference Include="Core\Options\DPM.Core.Options.List.pas"/>
        <DCCReference Include="Core\Options\DPM.Core.Options.Pack.pas"/>
        <DCCReference Include="Core\Options\DPM.Core.Options.Push.pas"/>
        <DCCReference Include="Core\Options\DPM.Core.Options.Restore.pas"/>
        <DCCReference Include="Core\Options\DPM.Core.Options.Search.pas"/>
        <DCCReference Include="Core\Options\DPM.Core.Options.Sources.pas"/>
        <DCCReference Include="Core\Options\DPM.Core.Options.Spec.pas"/>
        <DCCReference Include="Core\Options\DPM.Core.Options.UnInstall.pas"/>
        <DCCReference Include="Core\Package\DPM.Core.Package.Dependency.pas"/>
        <DCCReference Include="Core\Package\DPM.Core.Package.Installer.pas"/>
        <DCCReference Include="Core\Package\DPM.Core.Package.InstallerContext.pas"/>
        <DCCReference Include="Core\Package\DPM.Core.Package.Interfaces.pas"/>
        <DCCReference Include="Core\Package\DPM.Core.Package.Metadata.pas"/>
        <DCCReference Include="Core\Package\DPM.Core.Package.SearchPath.pas"/>
        <DCCReference Include="Core\Package\DPM.Core.Package.SearchResults.pas"/>
        <DCCReference Include="Core\Packaging\DPM.Core.Packaging.Archive.pas"/>
        <DCCReference Include="Core\Packaging\DPM.Core.Packaging.Archive.Reader.pas"/>
        <DCCReference Include="Core\Packaging\DPM.Core.Packaging.Archive.Writer.pas"/>
        <DCCReference Include="Core\Packaging\DPM.Core.Packaging.IdValidator.pas"/>
        <DCCReference Include="Core\Packaging\DPM.Core.Packaging.pas"/>
        <DCCReference Include="Core\Packaging\DPM.Core.Packaging.Writer.pas"/>
        <DCCReference Include="Core\Project\DPM.Core.Project.Configuration.pas"/>
        <DCCReference Include="Core\Project\DPM.Core.Project.Editor.pas"/>
        <DCCReference Include="Core\Project\DPM.Core.Project.GroupProjReader.pas"/>
        <DCCReference Include="Core\Project\DPM.Core.Project.Interfaces.pas"/>
        <DCCReference Include="Core\Repository\DPM.Core.Repository.Base.pas"/>
        <DCCReference Include="Core\Repository\DPM.Core.Repository.BaseGithub.pas"/>
        <DCCReference Include="Core\Repository\DPM.Core.Repository.Directory.pas"/>
        <DCCReference Include="Core\Repository\DPM.Core.Repository.DNGithub.pas"/>
        <DCCReference Include="Core\Repository\DPM.Core.Repository.DPMGithub.pas"/>
        <DCCReference Include="Core\Repository\DPM.Core.Repository.Factory.pas"/>
        <DCCReference Include="Core\Repository\DPM.Core.Repository.Http.pas"/>
        <DCCReference Include="Core\Repository\DPM.Core.Repository.Interfaces.pas"/>
        <DCCReference Include="Core\Repository\DPM.Core.Repository.Manager.pas"/>
        <DCCReference Include="Core\Sources\DPM.Core.Sources.ClientFactory.pas"/>
        <DCCReference Include="Core\Sources\DPM.Core.Sources.Interfaces.pas"/>
        <DCCReference Include="Core\Sources\DPM.Core.Sources.LocalClient.pas"/>
        <DCCReference Include="Core\Sources\DPM.Core.Sources.Manager.pas"/>
        <DCCReference Include="Core\Sources\DPM.Core.Sources.RemoteClient.pas"/>
        <DCCReference Include="Core\Sources\DPM.Core.Sources.Types.pas"/>
        <DCCReference Include="Core\Spec\DPM.Core.Spec.BPLEntry.pas"/>
        <DCCReference Include="Core\Spec\DPM.Core.Spec.BuildEntry.pas"/>
        <DCCReference Include="Core\Spec\DPM.Core.Spec.Dependency.pas"/>
        <DCCReference Include="Core\Spec\DPM.Core.Spec.DependencyGroup.pas"/>
        <DCCReference Include="Core\Spec\DPM.Core.Spec.FileEntry.pas"/>
        <DCCReference Include="Core\Spec\DPM.Core.Spec.Interfaces.pas"/>
        <DCCReference Include="Core\Spec\DPM.Core.Spec.MetaData.pas"/>
        <DCCReference Include="Core\Spec\DPM.Core.Spec.Node.pas"/>
        <DCCReference Include="Core\Spec\DPM.Core.Spec.pas"/>
        <DCCReference Include="Core\Spec\DPM.Core.Spec.Reader.pas"/>
        <DCCReference Include="Core\Spec\DPM.Core.Spec.SearchPath.pas"/>
        <DCCReference Include="Core\Spec\DPM.Core.Spec.SearchPathGroup.pas"/>
        <DCCReference Include="Core\Spec\DPM.Core.Spec.TargetPlatform.pas"/>
        <DCCReference Include="Core\Spec\DPM.Core.Spec.Template.pas"/>
        <DCCReference Include="Core\Spec\DPM.Core.Spec.TemplateBase.pas"/>
        <DCCReference Include="Core\Spec\DPM.Core.Spec.Writer.pas"/>
        <DCCReference Include="Core\Utils\DPM.Core.Utils.Config.pas"/>
        <DCCReference Include="Core\Utils\DPM.Core.Utils.Directory.pas"/>
        <DCCReference Include="Core\Utils\DPM.Core.Utils.Enum.pas"/>
        <DCCReference Include="Core\Utils\DPM.Core.Utils.Numbers.pas"/>
        <DCCReference Include="Core\Utils\DPM.Core.Utils.Path.pas"/>
        <DCCReference Include="Core\Utils\DPM.Core.Utils.Process.pas"/>
        <DCCReference Include="Core\Utils\DPM.Core.Utils.Strings.pas"/>
        <DCCReference Include="Core\Utils\DPM.Core.Utils.System.pas"/>
        <DCCReference Include="Core\Utils\DPM.Core.Utils.XML.pas"/>
        <DCCReference Include="Core\Xml\DPM.Core.MSXML.pas"/>
        <DCCReference Include="Core\Xml\DPM.Core.XML.NodeBase.pas"/>
        <DCCReference Include="Core\DPM.Core.Constants.pas"/>
        <DCCReference Include="Core\DPM.Core.Init.pas"/>
        <DCCReference Include="Core\DPM.Core.TargetPlatform.pas"/>
        <DCCReference Include="Core\DPM.Core.Types.pas"/>
        <DCCReference Include="Core\Package\DPM.Core.Package.Icon.pas"/>
        <DCCReference Include="IDE\DPM.IDE.ProjectController.pas"/>
        <DCCReference Include="Core\Compiler\DPM.Core.Compiler.BOM.pas"/>
        <DCCReference Include="Core\Compiler\DPM.Core.Compiler.ProjectSettings.pas"/>
        <DCCReference Include="Core\Utils\DPM.Core.Utils.Files.pas"/>
        <DCCReference Include="Controls\DPM.Controls.LogMemo.pas"/>
        <DCCReference Include="IDE\Options\DPM.IDE.Options.pas"/>
        <DCCReference Include="IDE\Logging\DPM.IDE.Logger.pas"/>
        <DCCReference Include="IDE\Logging\DPM.IDE.MessageForm.pas">
            <Form>DPMMessageForm</Form>
            <FormType>dfm</FormType>
        </DCCReference>
        <DCCReference Include="IDE\Logging\DPM.IDE.MessageService.pas"/>
        <DCCReference Include="IDE\EditorView\DPM.IDE.EditorView.pas"/>
        <DCCReference Include="IDE\EditorView\DPM.IDE.EditorViewFrame.pas">
            <Form>DPMEditViewFrame</Form>
            <FormType>dfm</FormType>
            <DesignClass>TFrame</DesignClass>
        </DCCReference>
        <DCCReference Include="IDE\EditorView\DPM.IDE.EditorViewManager.pas"/>
        <DCCReference Include="IDE\EditorView\DPM.IDE.PackageDetailsFrame.pas">
            <Form>PackageDetailsFrame</Form>
            <FormType>dfm</FormType>
            <DesignClass>TFrame</DesignClass>
        </DCCReference>
        <DCCReference Include="IDE\EditorView\DPM.IDE.PackageDetailsPanel.pas"/>
        <RcItem Include="images\dpm.bmp">
            <ResourceType>BITMAP</ResourceType>
            <ResourceId>DPMIDELOGO</ResourceId>
        </RcItem>
        <RcItem Include="images\dpm16.bmp">
            <ResourceType>BITMAP</ResourceType>
            <ResourceId>DPMIDELOGO_16</ResourceId>
        </RcItem>
        <RcItem Include="images\platform-win32.bmp">
            <ResourceType>BITMAP</ResourceType>
            <ResourceId>PLATFORM_WIN32</ResourceId>
        </RcItem>
        <RcItem Include="images\platform_andriod.bmp">
            <ResourceType>BITMAP</ResourceType>
            <ResourceId>PLATFORM_ANDRIOD</ResourceId>
        </RcItem>
        <RcItem Include="images\platform_ios.bmp">
            <ResourceType>BITMAP</ResourceType>
            <ResourceId>PLATFORM_IOS</ResourceId>
        </RcItem>
        <RcItem Include="images\platform_linux.bmp">
            <ResourceType>BITMAP</ResourceType>
            <ResourceId>PLATFORM_LINUX</ResourceId>
        </RcItem>
        <RcItem Include="images\platform_macos.bmp">
            <ResourceType>BITMAP</ResourceType>
            <ResourceId>PLATFORM_MACOS</ResourceId>
        </RcItem>
        <RcItem Include="images\platform-win64.bmp">
            <ResourceType>BITMAP</ResourceType>
            <ResourceId>PLATFORM_WIN64</ResourceId>
        </RcItem>
        <BuildConfiguration Include="Debug">
            <Key>Cfg_2</Key>
            <CfgParent>Base</CfgParent>
        </BuildConfiguration>
        <BuildConfiguration Include="Base">
            <Key>Base</Key>
        </BuildConfiguration>
        <BuildConfiguration Include="Release">
            <Key>Cfg_1</Key>
            <CfgParent>Base</CfgParent>
        </BuildConfiguration>
    </ItemGroup>
    <ProjectExtensions>
        <Borland.Personality>Delphi.Personality.12</Borland.Personality>
        <Borland.ProjectType/>
        <BorlandProject>
            <Delphi.Personality>
                <Source>
                    <Source Name="MainSource">DPM.IDE.XE3.dpr</Source>
                </Source>
                <VersionInfo>
                    <VersionInfo Name="IncludeVerInfo">False</VersionInfo>
                    <VersionInfo Name="AutoIncBuild">False</VersionInfo>
                    <VersionInfo Name="MajorVer">1</VersionInfo>
                    <VersionInfo Name="MinorVer">0</VersionInfo>
                    <VersionInfo Name="Release">0</VersionInfo>
                    <VersionInfo Name="Build">0</VersionInfo>
                    <VersionInfo Name="Debug">False</VersionInfo>
                    <VersionInfo Name="PreRelease">False</VersionInfo>
                    <VersionInfo Name="Special">False</VersionInfo>
                    <VersionInfo Name="Private">False</VersionInfo>
                    <VersionInfo Name="DLL">False</VersionInfo>
                    <VersionInfo Name="Locale">3081</VersionInfo>
                    <VersionInfo Name="CodePage">1252</VersionInfo>
                </VersionInfo>
                <VersionInfoKeys>
                    <VersionInfoKeys Name="CompanyName"/>
                    <VersionInfoKeys Name="FileDescription"/>
                    <VersionInfoKeys Name="FileVersion">1.0.0.0</VersionInfoKeys>
                    <VersionInfoKeys Name="InternalName"/>
                    <VersionInfoKeys Name="LegalCopyright"/>
                    <VersionInfoKeys Name="LegalTrademarks"/>
                    <VersionInfoKeys Name="OriginalFilename"/>
                    <VersionInfoKeys Name="ProductName"/>
                    <VersionInfoKeys Name="ProductVersion">1.0.0.0</VersionInfoKeys>
                    <VersionInfoKeys Name="Comments"/>
                </VersionInfoKeys>
            </Delphi.Personality>
            <Platforms>
                <Platform value="OSX32">False</Platform>
                <Platform value="Win32">True</Platform>
                <Platform value="Win64">False</Platform>
            </Platforms>
        </BorlandProject>
        <ProjectFileVersion>12</ProjectFileVersion>
        <DPM>
            <PackageReference id="Spring4D.Core" platform="Win32" version="2.0.0-dev5">
                <PackageReference id="Spring4D.Base" platform="Win32" version="2.0.0-dev5" range="[2.0.0-dev5,]"/>
            </PackageReference>
            <PackageReference id="Spring4D.Extensions" platform="Win32" version="2.0.0-dev5">
                <PackageReference id="Spring4D.Base" platform="Win32" version="2.0.0-dev5" range="[2.0.0-dev5,]"/>
            </PackageReference>
            <PackageReference id="VSoft.AntPatterns" platform="Win32" version="0.1.0"/>
            <PackageReference id="VSoft.Awaitable" platform="Win32" version="0.2.0">
                <PackageReference id="Gabr42.OmniThreadLibrary" platform="Win32" version="3.7.8" range="[3.7.8,]"/>
                <PackageReference id="VSoft.CancellationToken" platform="Win32" version="0.0.2" range="[0.0.2,]"/>
            </PackageReference>
            <PackageReference id="VSoft.HttpClient" platform="Win32" version="0.1.0">
                <PackageReference id="VSoft.CancellationToken" platform="Win32" version="0.0.2" range="[0.0.2,]"/>
            </PackageReference>
            <PackageReference id="VSoft.JsonDataObjects" platform="Win32" version="0.1.0"/>
            <PackageReference id="VSoft.SemanticVersion" platform="Win32" version="0.2.0"/>
            <PackageReference id="VSoft.Uri" platform="Win32" version="0.1.0"/>
            <PackageReference id="VSoft.VirtualListView" platform="Win32" version="0.3.0-rc6"/>
        </DPM>
    </ProjectExtensions>
    <Import Condition="Exists('$(BDS)\Bin\CodeGear.Delphi.Targets')" Project="$(BDS)\Bin\CodeGear.Delphi.Targets"/>
    <Import Condition="Exists('$(APPDATA)\Embarcadero\$(BDSAPPDATABASEDIR)\$(PRODUCTVERSION)\UserTools.proj')" Project="$(APPDATA)\Embarcadero\$(BDSAPPDATABASEDIR)\$(PRODUCTVERSION)\UserTools.proj"/>
</Project>
